{
  "version": 4,
  "terraform_version": "0.13.5",
  "serial": 53,
  "lineage": "3a80845f-9b2a-ca80-5fd8-9e028b723730",
  "outputs": {
    "db_instance_generated_user_password": {
      "value": "2e6446bdaf3ce89e",
      "type": "string"
    },
    "db_instance_name": {
      "value": "flaskapp-production-db-a9487144",
      "type": "string"
    },
    "db_instance_username": {
      "value": "dbadmin",
      "type": "string"
    },
    "load-balancer-ip-address": {
      "value": "35.241.10.7",
      "type": "string"
    },
    "nat_ip_address": {
      "value": "104.197.137.223",
      "type": "string"
    },
    "web-1-internal-ip": {
      "value": [
        "10.128.0.6",
        "10.128.0.5"
      ],
      "type": [
        "tuple",
        [
          "string",
          "string"
        ]
      ]
    },
    "web-1-name": {
      "value": [
        "flaskapp-production-vm-0",
        "flaskapp-production-vm-1"
      ],
      "type": [
        "tuple",
        [
          "string",
          "string"
        ]
      ]
    }
  },
  "resources": [
    {
      "mode": "data",
      "type": "terraform_remote_state",
      "name": "project_id",
      "provider": "provider[\"terraform.io/builtin/terraform\"]",
      "instances": [
        {
          "schema_version": 0,
          "attributes": {
            "backend": "gcs",
            "config": {
              "value": {
                "bucket": "bucketprod"
              },
              "type": [
                "object",
                {
                  "bucket": "string"
                }
              ]
            },
            "defaults": null,
            "outputs": {
              "value": {
                "db_instance_generated_user_password": "2e6446bdaf3ce89e",
                "db_instance_name": "flaskapp-production-db-a9487144",
                "db_instance_username": "dbadmin",
                "load-balancer-ip-address": "35.241.10.7",
                "nat_ip_address": "104.197.137.223",
                "web-1-internal-ip": [
                  "10.128.0.6",
                  "10.128.0.5"
                ],
                "web-1-name": [
                  "flaskapp-production-vm-0",
                  "flaskapp-production-vm-1"
                ]
              },
              "type": [
                "object",
                {
                  "db_instance_generated_user_password": "string",
                  "db_instance_name": "string",
                  "db_instance_username": "string",
                  "load-balancer-ip-address": "string",
                  "nat_ip_address": "string",
                  "web-1-internal-ip": [
                    "tuple",
                    [
                      "string",
                      "string"
                    ]
                  ],
                  "web-1-name": [
                    "tuple",
                    [
                      "string",
                      "string"
                    ]
                  ]
                }
              ]
            },
            "workspace": "production"
          }
        }
      ]
    },
    {
      "mode": "managed",
      "type": "google_compute_address",
      "name": "nat_ip",
      "provider": "provider[\"registry.terraform.io/hashicorp/google\"]",
      "instances": [
        {
          "schema_version": 0,
          "attributes": {
            "address": "104.197.137.223",
            "address_type": "EXTERNAL",
            "creation_timestamp": "2020-12-13T00:18:32.621-08:00",
            "description": "",
            "id": "projects/coastal-bloom-277007/regions/us-central1/addresses/flaskapp-production-nat-ip",
            "name": "flaskapp-production-nat-ip",
            "network_tier": "PREMIUM",
            "project": "coastal-bloom-277007",
            "purpose": "",
            "region": "us-central1",
            "self_link": "https://www.googleapis.com/compute/v1/projects/coastal-bloom-277007/regions/us-central1/addresses/flaskapp-production-nat-ip",
            "subnetwork": "",
            "timeouts": null,
            "users": [
              "https://www.googleapis.com/compute/v1/projects/coastal-bloom-277007/regions/us-central1/routers/flaskapp-production-nat-router"
            ]
          },
          "private": "eyJlMmJmYjczMC1lY2FhLTExZTYtOGY4OC0zNDM2M2JjN2M0YzAiOnsiY3JlYXRlIjoyNDAwMDAwMDAwMDAsImRlbGV0ZSI6MjQwMDAwMDAwMDAwfX0="
        }
      ]
    },
    {
      "mode": "managed",
      "type": "google_compute_backend_service",
      "name": "backend_service",
      "provider": "provider[\"registry.terraform.io/hashicorp/google\"]",
      "instances": [
        {
          "schema_version": 1,
          "attributes": {
            "affinity_cookie_ttl_sec": 0,
            "backend": [
              {
                "balancing_mode": "RATE",
                "capacity_scaler": 1,
                "description": "",
                "group": "https://www.googleapis.com/compute/v1/projects/coastal-bloom-277007/zones/us-central1-b/instanceGroups/flaskapp-production-vm-group",
                "max_connections": 0,
                "max_connections_per_endpoint": 0,
                "max_connections_per_instance": 0,
                "max_rate": 0,
                "max_rate_per_endpoint": 0,
                "max_rate_per_instance": 100,
                "max_utilization": 0.8
              }
            ],
            "cdn_policy": [],
            "circuit_breakers": [],
            "connection_draining_timeout_sec": 300,
            "consistent_hash": [],
            "creation_timestamp": "2020-12-13T00:29:27.438-08:00",
            "custom_request_headers": [],
            "custom_response_headers": [],
            "description": "",
            "enable_cdn": false,
            "fingerprint": "3qUSlR--Nho=",
            "health_checks": [
              "https://www.googleapis.com/compute/v1/projects/coastal-bloom-277007/global/healthChecks/flaskapp-production-healthcheck"
            ],
            "iap": [],
            "id": "projects/coastal-bloom-277007/global/backendServices/flaskapp-production-backend-service",
            "load_balancing_scheme": "EXTERNAL",
            "locality_lb_policy": "",
            "log_config": [],
            "name": "flaskapp-production-backend-service",
            "outlier_detection": [],
            "port_name": "http",
            "project": "coastal-bloom-277007",
            "protocol": "HTTP",
            "security_policy": "",
            "self_link": "https://www.googleapis.com/compute/v1/projects/coastal-bloom-277007/global/backendServices/flaskapp-production-backend-service",
            "session_affinity": "NONE",
            "timeout_sec": 30,
            "timeouts": null
          },
          "private": "eyJlMmJmYjczMC1lY2FhLTExZTYtOGY4OC0zNDM2M2JjN2M0YzAiOnsiY3JlYXRlIjoyNDAwMDAwMDAwMDAsImRlbGV0ZSI6MjQwMDAwMDAwMDAwLCJ1cGRhdGUiOjI0MDAwMDAwMDAwMH0sInNjaGVtYV92ZXJzaW9uIjoiMSJ9",
          "dependencies": [
            "google_compute_health_check.healthcheck",
            "google_compute_instance.web_private_1",
            "google_compute_instance_group.web_private_group"
          ]
        }
      ]
    },
    {
      "mode": "managed",
      "type": "google_compute_firewall",
      "name": "allow-http",
      "provider": "provider[\"registry.terraform.io/hashicorp/google\"]",
      "instances": [
        {
          "schema_version": 1,
          "attributes": {
            "allow": [
              {
                "ports": [
                  "80"
                ],
                "protocol": "tcp"
              }
            ],
            "creation_timestamp": "2020-12-13T00:15:19.737-08:00",
            "deny": [],
            "description": "",
            "destination_ranges": [],
            "direction": "INGRESS",
            "disabled": false,
            "enable_logging": null,
            "id": "projects/coastal-bloom-277007/global/firewalls/flaskapp-production-fw-allow-http",
            "log_config": [],
            "name": "flaskapp-production-fw-allow-http",
            "network": "https://www.googleapis.com/compute/v1/projects/coastal-bloom-277007/global/networks/flaskapp-production-vpc",
            "priority": 1000,
            "project": "coastal-bloom-277007",
            "self_link": "https://www.googleapis.com/compute/v1/projects/coastal-bloom-277007/global/firewalls/flaskapp-production-fw-allow-http",
            "source_ranges": [
              "0.0.0.0/0"
            ],
            "source_service_accounts": [],
            "source_tags": [],
            "target_service_accounts": [],
            "target_tags": [
              "http"
            ],
            "timeouts": null
          },
          "private": "eyJlMmJmYjczMC1lY2FhLTExZTYtOGY4OC0zNDM2M2JjN2M0YzAiOnsiY3JlYXRlIjoyNDAwMDAwMDAwMDAsImRlbGV0ZSI6MjQwMDAwMDAwMDAwLCJ1cGRhdGUiOjI0MDAwMDAwMDAwMH0sInNjaGVtYV92ZXJzaW9uIjoiMSJ9",
          "dependencies": [
            "google_compute_network.vpc"
          ]
        }
      ]
    },
    {
      "mode": "managed",
      "type": "google_compute_firewall",
      "name": "allow-https",
      "provider": "provider[\"registry.terraform.io/hashicorp/google\"]",
      "instances": [
        {
          "schema_version": 1,
          "attributes": {
            "allow": [
              {
                "ports": [
                  "443"
                ],
                "protocol": "tcp"
              }
            ],
            "creation_timestamp": "2020-12-13T00:15:19.746-08:00",
            "deny": [],
            "description": "",
            "destination_ranges": [],
            "direction": "INGRESS",
            "disabled": false,
            "enable_logging": null,
            "id": "projects/coastal-bloom-277007/global/firewalls/flaskapp-production-fw-allow-https",
            "log_config": [],
            "name": "flaskapp-production-fw-allow-https",
            "network": "https://www.googleapis.com/compute/v1/projects/coastal-bloom-277007/global/networks/flaskapp-production-vpc",
            "priority": 1000,
            "project": "coastal-bloom-277007",
            "self_link": "https://www.googleapis.com/compute/v1/projects/coastal-bloom-277007/global/firewalls/flaskapp-production-fw-allow-https",
            "source_ranges": [
              "0.0.0.0/0"
            ],
            "source_service_accounts": [],
            "source_tags": [],
            "target_service_accounts": [],
            "target_tags": [
              "https"
            ],
            "timeouts": null
          },
          "private": "eyJlMmJmYjczMC1lY2FhLTExZTYtOGY4OC0zNDM2M2JjN2M0YzAiOnsiY3JlYXRlIjoyNDAwMDAwMDAwMDAsImRlbGV0ZSI6MjQwMDAwMDAwMDAwLCJ1cGRhdGUiOjI0MDAwMDAwMDAwMH0sInNjaGVtYV92ZXJzaW9uIjoiMSJ9",
          "dependencies": [
            "google_compute_network.vpc"
          ]
        }
      ]
    },
    {
      "mode": "managed",
      "type": "google_compute_firewall",
      "name": "allow-internal",
      "provider": "provider[\"registry.terraform.io/hashicorp/google\"]",
      "instances": [
        {
          "schema_version": 1,
          "attributes": {
            "allow": [
              {
                "ports": [
                  "80"
                ],
                "protocol": "tcp"
              },
              {
                "ports": [],
                "protocol": "icmp"
              }
            ],
            "creation_timestamp": "2020-12-13T00:15:19.746-08:00",
            "deny": [],
            "description": "",
            "destination_ranges": [],
            "direction": "INGRESS",
            "disabled": false,
            "enable_logging": null,
            "id": "projects/coastal-bloom-277007/global/firewalls/flaskapp-production-fw-allow-internal",
            "log_config": [],
            "name": "flaskapp-production-fw-allow-internal",
            "network": "https://www.googleapis.com/compute/v1/projects/coastal-bloom-277007/global/networks/flaskapp-production-vpc",
            "priority": 1000,
            "project": "coastal-bloom-277007",
            "self_link": "https://www.googleapis.com/compute/v1/projects/coastal-bloom-277007/global/firewalls/flaskapp-production-fw-allow-internal",
            "source_ranges": [
              "10.128.0.0/20"
            ],
            "source_service_accounts": [],
            "source_tags": [],
            "target_service_accounts": [],
            "target_tags": [],
            "timeouts": null
          },
          "private": "eyJlMmJmYjczMC1lY2FhLTExZTYtOGY4OC0zNDM2M2JjN2M0YzAiOnsiY3JlYXRlIjoyNDAwMDAwMDAwMDAsImRlbGV0ZSI6MjQwMDAwMDAwMDAwLCJ1cGRhdGUiOjI0MDAwMDAwMDAwMH0sInNjaGVtYV92ZXJzaW9uIjoiMSJ9",
          "dependencies": [
            "google_compute_network.vpc"
          ]
        }
      ]
    },
    {
      "mode": "managed",
      "type": "google_compute_firewall",
      "name": "allow-rdp",
      "provider": "provider[\"registry.terraform.io/hashicorp/google\"]",
      "instances": [
        {
          "schema_version": 1,
          "attributes": {
            "allow": [
              {
                "ports": [
                  "3389"
                ],
                "protocol": "tcp"
              }
            ],
            "creation_timestamp": "2020-12-13T00:15:19.734-08:00",
            "deny": [],
            "description": "",
            "destination_ranges": [],
            "direction": "INGRESS",
            "disabled": false,
            "enable_logging": null,
            "id": "projects/coastal-bloom-277007/global/firewalls/flaskapp-production-fw-allow-rdp",
            "log_config": [],
            "name": "flaskapp-production-fw-allow-rdp",
            "network": "https://www.googleapis.com/compute/v1/projects/coastal-bloom-277007/global/networks/flaskapp-production-vpc",
            "priority": 1000,
            "project": "coastal-bloom-277007",
            "self_link": "https://www.googleapis.com/compute/v1/projects/coastal-bloom-277007/global/firewalls/flaskapp-production-fw-allow-rdp",
            "source_ranges": [
              "0.0.0.0/0"
            ],
            "source_service_accounts": [],
            "source_tags": [],
            "target_service_accounts": [],
            "target_tags": [
              "rdp"
            ],
            "timeouts": null
          },
          "private": "eyJlMmJmYjczMC1lY2FhLTExZTYtOGY4OC0zNDM2M2JjN2M0YzAiOnsiY3JlYXRlIjoyNDAwMDAwMDAwMDAsImRlbGV0ZSI6MjQwMDAwMDAwMDAwLCJ1cGRhdGUiOjI0MDAwMDAwMDAwMH0sInNjaGVtYV92ZXJzaW9uIjoiMSJ9",
          "dependencies": [
            "google_compute_network.vpc"
          ]
        }
      ]
    },
    {
      "mode": "managed",
      "type": "google_compute_firewall",
      "name": "allow-ssh",
      "provider": "provider[\"registry.terraform.io/hashicorp/google\"]",
      "instances": [
        {
          "schema_version": 1,
          "attributes": {
            "allow": [
              {
                "ports": [
                  "22"
                ],
                "protocol": "tcp"
              }
            ],
            "creation_timestamp": "2020-12-13T00:15:19.737-08:00",
            "deny": [],
            "description": "",
            "destination_ranges": [],
            "direction": "INGRESS",
            "disabled": false,
            "enable_logging": null,
            "id": "projects/coastal-bloom-277007/global/firewalls/flaskapp-production-fw-allow-ssh",
            "log_config": [],
            "name": "flaskapp-production-fw-allow-ssh",
            "network": "https://www.googleapis.com/compute/v1/projects/coastal-bloom-277007/global/networks/flaskapp-production-vpc",
            "priority": 1000,
            "project": "coastal-bloom-277007",
            "self_link": "https://www.googleapis.com/compute/v1/projects/coastal-bloom-277007/global/firewalls/flaskapp-production-fw-allow-ssh",
            "source_ranges": [
              "0.0.0.0/0"
            ],
            "source_service_accounts": [],
            "source_tags": [],
            "target_service_accounts": [],
            "target_tags": [
              "ssh"
            ],
            "timeouts": null
          },
          "private": "eyJlMmJmYjczMC1lY2FhLTExZTYtOGY4OC0zNDM2M2JjN2M0YzAiOnsiY3JlYXRlIjoyNDAwMDAwMDAwMDAsImRlbGV0ZSI6MjQwMDAwMDAwMDAwLCJ1cGRhdGUiOjI0MDAwMDAwMDAwMH0sInNjaGVtYV92ZXJzaW9uIjoiMSJ9",
          "dependencies": [
            "google_compute_network.vpc"
          ]
        }
      ]
    },
    {
      "mode": "managed",
      "type": "google_compute_global_address",
      "name": "private_ip_address",
      "provider": "provider[\"registry.terraform.io/hashicorp/google-beta\"]",
      "instances": [
        {
          "schema_version": 0,
          "attributes": {
            "address": "172.16.0.0",
            "address_type": "INTERNAL",
            "creation_timestamp": "2020-12-13T00:15:20.031-08:00",
            "description": "",
            "id": "projects/coastal-bloom-277007/global/addresses/flaskapp-production-private-ip-address",
            "ip_version": "",
            "label_fingerprint": "42WmSpB8rSM=",
            "labels": {},
            "name": "flaskapp-production-private-ip-address",
            "network": "https://www.googleapis.com/compute/v1/projects/coastal-bloom-277007/global/networks/flaskapp-production-vpc",
            "prefix_length": 16,
            "project": "coastal-bloom-277007",
            "purpose": "VPC_PEERING",
            "self_link": "https://www.googleapis.com/compute/v1/projects/coastal-bloom-277007/global/addresses/flaskapp-production-private-ip-address",
            "timeouts": null
          },
          "private": "eyJlMmJmYjczMC1lY2FhLTExZTYtOGY4OC0zNDM2M2JjN2M0YzAiOnsiY3JlYXRlIjoyNDAwMDAwMDAwMDAsImRlbGV0ZSI6MjQwMDAwMDAwMDAwLCJ1cGRhdGUiOjI0MDAwMDAwMDAwMH19",
          "dependencies": [
            "google_compute_network.vpc"
          ]
        }
      ]
    },
    {
      "mode": "managed",
      "type": "google_compute_global_forwarding_rule",
      "name": "global_forwarding_rule",
      "provider": "provider[\"registry.terraform.io/hashicorp/google\"]",
      "instances": [
        {
          "schema_version": 0,
          "attributes": {
            "description": "",
            "id": "projects/coastal-bloom-277007/global/forwardingRules/flaskapp-production-global-forwarding-rule",
            "ip_address": "35.241.10.7",
            "ip_protocol": "TCP",
            "ip_version": "",
            "load_balancing_scheme": "EXTERNAL",
            "metadata_filters": [],
            "name": "flaskapp-production-global-forwarding-rule",
            "port_range": "80-80",
            "project": "coastal-bloom-277007",
            "self_link": "https://www.googleapis.com/compute/v1/projects/coastal-bloom-277007/global/forwardingRules/flaskapp-production-global-forwarding-rule",
            "target": "https://www.googleapis.com/compute/v1/projects/coastal-bloom-277007/global/targetHttpProxies/flaskapp-production-proxy",
            "timeouts": null
          },
          "private": "eyJlMmJmYjczMC1lY2FhLTExZTYtOGY4OC0zNDM2M2JjN2M0YzAiOnsiY3JlYXRlIjoyNDAwMDAwMDAwMDAsImRlbGV0ZSI6MjQwMDAwMDAwMDAwLCJ1cGRhdGUiOjI0MDAwMDAwMDAwMH19",
          "dependencies": [
            "google_compute_backend_service.backend_service",
            "google_compute_health_check.healthcheck",
            "google_compute_instance.web_private_1",
            "google_compute_instance_group.web_private_group",
            "google_compute_target_http_proxy.target_http_proxy",
            "google_compute_url_map.url_map"
          ]
        }
      ]
    },
    {
      "mode": "managed",
      "type": "google_compute_health_check",
      "name": "healthcheck",
      "provider": "provider[\"registry.terraform.io/hashicorp/google\"]",
      "instances": [
        {
          "schema_version": 0,
          "attributes": {
            "check_interval_sec": 10,
            "creation_timestamp": "2020-12-13T00:15:07.138-08:00",
            "description": "",
            "grpc_health_check": [],
            "healthy_threshold": 2,
            "http2_health_check": [],
            "http_health_check": [
              {
                "host": "",
                "port": 80,
                "port_name": "",
                "port_specification": "",
                "proxy_header": "NONE",
                "request_path": "/",
                "response": ""
              }
            ],
            "https_health_check": [],
            "id": "projects/coastal-bloom-277007/global/healthChecks/flaskapp-production-healthcheck",
            "name": "flaskapp-production-healthcheck",
            "project": "coastal-bloom-277007",
            "self_link": "https://www.googleapis.com/compute/v1/projects/coastal-bloom-277007/global/healthChecks/flaskapp-production-healthcheck",
            "ssl_health_check": [],
            "tcp_health_check": [],
            "timeout_sec": 10,
            "timeouts": null,
            "type": "HTTP",
            "unhealthy_threshold": 2
          },
          "private": "eyJlMmJmYjczMC1lY2FhLTExZTYtOGY4OC0zNDM2M2JjN2M0YzAiOnsiY3JlYXRlIjoyNDAwMDAwMDAwMDAsImRlbGV0ZSI6MjQwMDAwMDAwMDAwLCJ1cGRhdGUiOjI0MDAwMDAwMDAwMH19"
        }
      ]
    },
    {
      "mode": "managed",
      "type": "google_compute_instance",
      "name": "web_private_1",
      "provider": "provider[\"registry.terraform.io/hashicorp/google\"]",
      "instances": [
        {
          "index_key": 0,
          "schema_version": 6,
          "attributes": {
            "allow_stopping_for_update": null,
            "attached_disk": [],
            "boot_disk": [
              {
                "auto_delete": true,
                "device_name": "persistent-disk-0",
                "disk_encryption_key_raw": "",
                "disk_encryption_key_sha256": "",
                "initialize_params": [
                  {
                    "image": "https://www.googleapis.com/compute/v1/projects/ubuntu-os-cloud/global/images/ubuntu-1804-bionic-v20201211a",
                    "labels": {},
                    "size": 10,
                    "type": "pd-standard"
                  }
                ],
                "kms_key_self_link": "",
                "mode": "READ_WRITE",
                "source": "https://www.googleapis.com/compute/v1/projects/coastal-bloom-277007/zones/us-central1-b/disks/flaskapp-production-vm-0"
              }
            ],
            "can_ip_forward": false,
            "cpu_platform": "Intel Haswell",
            "current_status": "RUNNING",
            "deletion_protection": false,
            "description": "",
            "desired_status": null,
            "enable_display": false,
            "guest_accelerator": [],
            "hostname": "flaskapp-production-vm1.test",
            "id": "projects/coastal-bloom-277007/zones/us-central1-b/instances/flaskapp-production-vm-0",
            "instance_id": "7416409465726463608",
            "label_fingerprint": "42WmSpB8rSM=",
            "labels": {},
            "machine_type": "e2-medium",
            "metadata": {},
            "metadata_fingerprint": "ZEhgqhea_ss=",
            "metadata_startup_script": "sudo apt-get update; sudo apt-get install -yq build-essential python-pip rsync; pip install flask; sudo apt install mysql-client; sudo apt-get install python-dev default-libmysqlclient-dev libssl-dev; pip install --user flask-mysqldb",
            "min_cpu_platform": "",
            "name": "flaskapp-production-vm-0",
            "network_interface": [
              {
                "access_config": [],
                "alias_ip_range": [],
                "name": "nic0",
                "network": "https://www.googleapis.com/compute/v1/projects/coastal-bloom-277007/global/networks/flaskapp-production-vpc",
                "network_ip": "10.128.0.6",
                "subnetwork": "https://www.googleapis.com/compute/v1/projects/coastal-bloom-277007/regions/us-central1/subnetworks/flaskapp-production-private-subnet-1",
                "subnetwork_project": "coastal-bloom-277007"
              }
            ],
            "project": "coastal-bloom-277007",
            "resource_policies": [],
            "scheduling": [
              {
                "automatic_restart": true,
                "node_affinities": [],
                "on_host_maintenance": "MIGRATE",
                "preemptible": false
              }
            ],
            "scratch_disk": [],
            "self_link": "https://www.googleapis.com/compute/v1/projects/coastal-bloom-277007/zones/us-central1-b/instances/flaskapp-production-vm-0",
            "service_account": [],
            "shielded_instance_config": [
              {
                "enable_integrity_monitoring": true,
                "enable_secure_boot": false,
                "enable_vtpm": true
              }
            ],
            "tags": [
              "http",
              "ssh"
            ],
            "tags_fingerprint": "7XLBdwIeS7E=",
            "timeouts": null,
            "zone": "us-central1-b"
          },
          "private": "eyJlMmJmYjczMC1lY2FhLTExZTYtOGY4OC0zNDM2M2JjN2M0YzAiOnsiY3JlYXRlIjoxMjAwMDAwMDAwMDAwLCJkZWxldGUiOjEyMDAwMDAwMDAwMDAsInVwZGF0ZSI6MTIwMDAwMDAwMDAwMH0sInNjaGVtYV92ZXJzaW9uIjoiNiJ9",
          "dependencies": [
            "google_compute_network.vpc",
            "google_compute_subnetwork.private_subnet_1"
          ]
        },
        {
          "index_key": 1,
          "schema_version": 6,
          "attributes": {
            "allow_stopping_for_update": null,
            "attached_disk": [],
            "boot_disk": [
              {
                "auto_delete": true,
                "device_name": "persistent-disk-0",
                "disk_encryption_key_raw": "",
                "disk_encryption_key_sha256": "",
                "initialize_params": [
                  {
                    "image": "https://www.googleapis.com/compute/v1/projects/ubuntu-os-cloud/global/images/ubuntu-1804-bionic-v20201211a",
                    "labels": {},
                    "size": 10,
                    "type": "pd-standard"
                  }
                ],
                "kms_key_self_link": "",
                "mode": "READ_WRITE",
                "source": "https://www.googleapis.com/compute/v1/projects/coastal-bloom-277007/zones/us-central1-b/disks/flaskapp-production-vm-1"
              }
            ],
            "can_ip_forward": false,
            "cpu_platform": "Intel Haswell",
            "current_status": "RUNNING",
            "deletion_protection": false,
            "description": "",
            "desired_status": null,
            "enable_display": false,
            "guest_accelerator": [],
            "hostname": "flaskapp-production-vm1.test",
            "id": "projects/coastal-bloom-277007/zones/us-central1-b/instances/flaskapp-production-vm-1",
            "instance_id": "5584022932301573752",
            "label_fingerprint": "42WmSpB8rSM=",
            "labels": {},
            "machine_type": "e2-medium",
            "metadata": {},
            "metadata_fingerprint": "ZEhgqhea_ss=",
            "metadata_startup_script": "sudo apt-get update; sudo apt-get install -yq build-essential python-pip rsync; pip install flask; sudo apt install mysql-client; sudo apt-get install python-dev default-libmysqlclient-dev libssl-dev; pip install --user flask-mysqldb",
            "min_cpu_platform": "",
            "name": "flaskapp-production-vm-1",
            "network_interface": [
              {
                "access_config": [],
                "alias_ip_range": [],
                "name": "nic0",
                "network": "https://www.googleapis.com/compute/v1/projects/coastal-bloom-277007/global/networks/flaskapp-production-vpc",
                "network_ip": "10.128.0.5",
                "subnetwork": "https://www.googleapis.com/compute/v1/projects/coastal-bloom-277007/regions/us-central1/subnetworks/flaskapp-production-private-subnet-1",
                "subnetwork_project": "coastal-bloom-277007"
              }
            ],
            "project": "coastal-bloom-277007",
            "resource_policies": [],
            "scheduling": [
              {
                "automatic_restart": true,
                "node_affinities": [],
                "on_host_maintenance": "MIGRATE",
                "preemptible": false
              }
            ],
            "scratch_disk": [],
            "self_link": "https://www.googleapis.com/compute/v1/projects/coastal-bloom-277007/zones/us-central1-b/instances/flaskapp-production-vm-1",
            "service_account": [],
            "shielded_instance_config": [
              {
                "enable_integrity_monitoring": true,
                "enable_secure_boot": false,
                "enable_vtpm": true
              }
            ],
            "tags": [
              "http",
              "ssh"
            ],
            "tags_fingerprint": "7XLBdwIeS7E=",
            "timeouts": null,
            "zone": "us-central1-b"
          },
          "private": "eyJlMmJmYjczMC1lY2FhLTExZTYtOGY4OC0zNDM2M2JjN2M0YzAiOnsiY3JlYXRlIjoxMjAwMDAwMDAwMDAwLCJkZWxldGUiOjEyMDAwMDAwMDAwMDAsInVwZGF0ZSI6MTIwMDAwMDAwMDAwMH0sInNjaGVtYV92ZXJzaW9uIjoiNiJ9",
          "dependencies": [
            "google_compute_network.vpc",
            "google_compute_subnetwork.private_subnet_1"
          ]
        }
      ]
    },
    {
      "mode": "managed",
      "type": "google_compute_instance_group",
      "name": "web_private_group",
      "provider": "provider[\"registry.terraform.io/hashicorp/google\"]",
      "instances": [
        {
          "schema_version": 2,
          "attributes": {
            "description": "Web servers instance group",
            "id": "projects/coastal-bloom-277007/zones/us-central1-b/instanceGroups/flaskapp-production-vm-group",
            "instances": [
              "https://www.googleapis.com/compute/v1/projects/coastal-bloom-277007/zones/us-central1-b/instances/flaskapp-production-vm-0",
              "https://www.googleapis.com/compute/v1/projects/coastal-bloom-277007/zones/us-central1-b/instances/flaskapp-production-vm-1"
            ],
            "name": "flaskapp-production-vm-group",
            "named_port": [
              {
                "name": "http",
                "port": 80
              }
            ],
            "network": "https://www.googleapis.com/compute/v1/projects/coastal-bloom-277007/global/networks/flaskapp-production-vpc",
            "project": "coastal-bloom-277007",
            "self_link": "https://www.googleapis.com/compute/v1/projects/coastal-bloom-277007/zones/us-central1-b/instanceGroups/flaskapp-production-vm-group",
            "size": 2,
            "timeouts": null,
            "zone": "us-central1-b"
          },
          "private": "eyJlMmJmYjczMC1lY2FhLTExZTYtOGY4OC0zNDM2M2JjN2M0YzAiOnsiY3JlYXRlIjozNjAwMDAwMDAwMDAsImRlbGV0ZSI6MzYwMDAwMDAwMDAwLCJ1cGRhdGUiOjM2MDAwMDAwMDAwMH0sInNjaGVtYV92ZXJzaW9uIjoiMiJ9",
          "dependencies": [
            "google_compute_instance.web_private_1"
          ]
        }
      ]
    },
    {
      "mode": "managed",
      "type": "google_compute_network",
      "name": "vpc",
      "provider": "provider[\"registry.terraform.io/hashicorp/google\"]",
      "instances": [
        {
          "schema_version": 0,
          "attributes": {
            "auto_create_subnetworks": false,
            "delete_default_routes_on_create": false,
            "description": "",
            "gateway_ipv4": "",
            "id": "projects/coastal-bloom-277007/global/networks/flaskapp-production-vpc",
            "mtu": 0,
            "name": "flaskapp-production-vpc",
            "project": "coastal-bloom-277007",
            "routing_mode": "GLOBAL",
            "self_link": "https://www.googleapis.com/compute/v1/projects/coastal-bloom-277007/global/networks/flaskapp-production-vpc",
            "timeouts": null
          },
          "private": "eyJlMmJmYjczMC1lY2FhLTExZTYtOGY4OC0zNDM2M2JjN2M0YzAiOnsiY3JlYXRlIjoyNDAwMDAwMDAwMDAsImRlbGV0ZSI6MjQwMDAwMDAwMDAwLCJ1cGRhdGUiOjI0MDAwMDAwMDAwMH19"
        }
      ]
    },
    {
      "mode": "managed",
      "type": "google_compute_router",
      "name": "nat-router",
      "provider": "provider[\"registry.terraform.io/hashicorp/google\"]",
      "instances": [
        {
          "schema_version": 0,
          "attributes": {
            "bgp": [],
            "creation_timestamp": "2020-12-13T00:15:19.693-08:00",
            "description": "",
            "id": "projects/coastal-bloom-277007/regions/us-central1/routers/flaskapp-production-nat-router",
            "name": "flaskapp-production-nat-router",
            "network": "https://www.googleapis.com/compute/v1/projects/coastal-bloom-277007/global/networks/flaskapp-production-vpc",
            "project": "coastal-bloom-277007",
            "region": "us-central1",
            "self_link": "https://www.googleapis.com/compute/v1/projects/coastal-bloom-277007/regions/us-central1/routers/flaskapp-production-nat-router",
            "timeouts": null
          },
          "private": "eyJlMmJmYjczMC1lY2FhLTExZTYtOGY4OC0zNDM2M2JjN2M0YzAiOnsiY3JlYXRlIjoyNDAwMDAwMDAwMDAsImRlbGV0ZSI6MjQwMDAwMDAwMDAwLCJ1cGRhdGUiOjI0MDAwMDAwMDAwMH19",
          "dependencies": [
            "google_compute_network.vpc"
          ]
        }
      ]
    },
    {
      "mode": "managed",
      "type": "google_compute_router_nat",
      "name": "nat-gateway",
      "provider": "provider[\"registry.terraform.io/hashicorp/google\"]",
      "instances": [
        {
          "schema_version": 0,
          "attributes": {
            "drain_nat_ips": [],
            "icmp_idle_timeout_sec": 30,
            "id": "coastal-bloom-277007/us-central1/flaskapp-production-nat-router/flaskapp-production-nat-gateway",
            "log_config": [],
            "min_ports_per_vm": 0,
            "name": "flaskapp-production-nat-gateway",
            "nat_ip_allocate_option": "MANUAL_ONLY",
            "nat_ips": [
              "https://www.googleapis.com/compute/v1/projects/coastal-bloom-277007/regions/us-central1/addresses/flaskapp-production-nat-ip"
            ],
            "project": "coastal-bloom-277007",
            "region": null,
            "router": "flaskapp-production-nat-router",
            "source_subnetwork_ip_ranges_to_nat": "ALL_SUBNETWORKS_ALL_IP_RANGES",
            "subnetwork": [],
            "tcp_established_idle_timeout_sec": 1200,
            "tcp_transitory_idle_timeout_sec": 30,
            "timeouts": null,
            "udp_idle_timeout_sec": 30
          },
          "private": "eyJlMmJmYjczMC1lY2FhLTExZTYtOGY4OC0zNDM2M2JjN2M0YzAiOnsiY3JlYXRlIjo2MDAwMDAwMDAwMDAsImRlbGV0ZSI6NjAwMDAwMDAwMDAwLCJ1cGRhdGUiOjYwMDAwMDAwMDAwMH19",
          "dependencies": [
            "google_compute_address.nat_ip",
            "google_compute_router.nat-router"
          ]
        }
      ]
    },
    {
      "mode": "managed",
      "type": "google_compute_subnetwork",
      "name": "private_subnet_1",
      "provider": "provider[\"registry.terraform.io/hashicorp/google-beta\"]",
      "instances": [
        {
          "schema_version": 0,
          "attributes": {
            "creation_timestamp": "2020-12-13T00:15:20.130-08:00",
            "description": "",
            "fingerprint": null,
            "gateway_address": "10.128.0.1",
            "id": "projects/coastal-bloom-277007/regions/us-central1/subnetworks/flaskapp-production-private-subnet-1",
            "ip_cidr_range": "10.128.0.0/20",
            "log_config": [],
            "name": "flaskapp-production-private-subnet-1",
            "network": "https://www.googleapis.com/compute/v1/projects/coastal-bloom-277007/global/networks/flaskapp-production-vpc",
            "private_ip_google_access": false,
            "private_ipv6_google_access": "DISABLE_GOOGLE_ACCESS",
            "project": "coastal-bloom-277007",
            "purpose": "PRIVATE",
            "region": "us-central1",
            "role": "",
            "secondary_ip_range": [],
            "self_link": "https://www.googleapis.com/compute/v1/projects/coastal-bloom-277007/regions/us-central1/subnetworks/flaskapp-production-private-subnet-1",
            "timeouts": null
          },
          "private": "eyJlMmJmYjczMC1lY2FhLTExZTYtOGY4OC0zNDM2M2JjN2M0YzAiOnsiY3JlYXRlIjozNjAwMDAwMDAwMDAsImRlbGV0ZSI6MzYwMDAwMDAwMDAwLCJ1cGRhdGUiOjM2MDAwMDAwMDAwMH19",
          "dependencies": [
            "google_compute_network.vpc"
          ]
        }
      ]
    },
    {
      "mode": "managed",
      "type": "google_compute_target_http_proxy",
      "name": "target_http_proxy",
      "provider": "provider[\"registry.terraform.io/hashicorp/google\"]",
      "instances": [
        {
          "schema_version": 0,
          "attributes": {
            "creation_timestamp": "2020-12-13T00:29:41.815-08:00",
            "description": "",
            "id": "projects/coastal-bloom-277007/global/targetHttpProxies/flaskapp-production-proxy",
            "name": "flaskapp-production-proxy",
            "project": "coastal-bloom-277007",
            "proxy_id": 9005464115895365146,
            "self_link": "https://www.googleapis.com/compute/v1/projects/coastal-bloom-277007/global/targetHttpProxies/flaskapp-production-proxy",
            "timeouts": null,
            "url_map": "https://www.googleapis.com/compute/v1/projects/coastal-bloom-277007/global/urlMaps/flaskapp-production-load-balancer"
          },
          "private": "eyJlMmJmYjczMC1lY2FhLTExZTYtOGY4OC0zNDM2M2JjN2M0YzAiOnsiY3JlYXRlIjoyNDAwMDAwMDAwMDAsImRlbGV0ZSI6MjQwMDAwMDAwMDAwLCJ1cGRhdGUiOjI0MDAwMDAwMDAwMH19",
          "dependencies": [
            "google_compute_backend_service.backend_service",
            "google_compute_health_check.healthcheck",
            "google_compute_instance.web_private_1",
            "google_compute_instance_group.web_private_group",
            "google_compute_url_map.url_map"
          ]
        }
      ]
    },
    {
      "mode": "managed",
      "type": "google_compute_url_map",
      "name": "url_map",
      "provider": "provider[\"registry.terraform.io/hashicorp/google\"]",
      "instances": [
        {
          "schema_version": 0,
          "attributes": {
            "creation_timestamp": "2020-12-13T00:29:39.916-08:00",
            "default_route_action": [],
            "default_service": "https://www.googleapis.com/compute/v1/projects/coastal-bloom-277007/global/backendServices/flaskapp-production-backend-service",
            "default_url_redirect": [],
            "description": "",
            "fingerprint": "i9MKNp3keSQ=",
            "header_action": [],
            "host_rule": [],
            "id": "projects/coastal-bloom-277007/global/urlMaps/flaskapp-production-load-balancer",
            "map_id": 4257666684027432476,
            "name": "flaskapp-production-load-balancer",
            "path_matcher": [],
            "project": "coastal-bloom-277007",
            "self_link": "https://www.googleapis.com/compute/v1/projects/coastal-bloom-277007/global/urlMaps/flaskapp-production-load-balancer",
            "test": [],
            "timeouts": null
          },
          "private": "eyJlMmJmYjczMC1lY2FhLTExZTYtOGY4OC0zNDM2M2JjN2M0YzAiOnsiY3JlYXRlIjoyNDAwMDAwMDAwMDAsImRlbGV0ZSI6MjQwMDAwMDAwMDAwLCJ1cGRhdGUiOjI0MDAwMDAwMDAwMH19",
          "dependencies": [
            "google_compute_backend_service.backend_service",
            "google_compute_health_check.healthcheck",
            "google_compute_instance.web_private_1",
            "google_compute_instance_group.web_private_group"
          ]
        }
      ]
    },
    {
      "mode": "managed",
      "type": "google_sql_database",
      "name": "my_sql_db",
      "provider": "provider[\"registry.terraform.io/hashicorp/google\"]",
      "instances": []
    },
    {
      "mode": "managed",
      "type": "google_sql_database_instance",
      "name": "my_sql",
      "provider": "provider[\"registry.terraform.io/hashicorp/google\"]",
      "instances": []
    },
    {
      "mode": "managed",
      "type": "google_sql_user",
      "name": "my-sql",
      "provider": "provider[\"registry.terraform.io/hashicorp/google\"]",
      "instances": []
    },
    {
      "mode": "managed",
      "type": "random_id",
      "name": "instance_id",
      "provider": "provider[\"registry.terraform.io/hashicorp/random\"]",
      "instances": [
        {
          "schema_version": 0,
          "attributes": {
            "b64_std": "qUhxRA==",
            "b64_url": "qUhxRA",
            "byte_length": 4,
            "dec": "2840097092",
            "hex": "a9487144",
            "id": "qUhxRA",
            "keepers": null,
            "prefix": null
          },
          "private": "bnVsbA=="
        }
      ]
    },
    {
      "mode": "managed",
      "type": "random_id",
      "name": "user_password",
      "provider": "provider[\"registry.terraform.io/hashicorp/random\"]",
      "instances": [
        {
          "schema_version": 0,
          "attributes": {
            "b64_std": "LmRGva886J4=",
            "b64_url": "LmRGva886J4",
            "byte_length": 8,
            "dec": "3342874603918518430",
            "hex": "2e6446bdaf3ce89e",
            "id": "LmRGva886J4",
            "keepers": null,
            "prefix": null
          },
          "private": "bnVsbA=="
        }
      ]
    }
  ]
}
