{
  "version": 4,
  "terraform_version": "0.13.5",
  "serial": 159,
  "lineage": "977665e1-fad9-b46c-6365-2cc4b94e81e2",
  "outputs": {},
  "resources": [
    {
      "mode": "managed",
      "type": "google_compute_global_address",
      "name": "private_ip_address",
      "provider": "provider[\"registry.terraform.io/hashicorp/google-beta\"]",
      "instances": [
        {
          "schema_version": 0,
          "attributes": {
            "address": "10.157.0.0",
            "address_type": "INTERNAL",
            "creation_timestamp": "2020-12-10T23:44:38.125-08:00",
            "description": "",
            "id": "projects/focus-mechanic-295618/global/addresses/flaskapp-dev-private-ip-address",
            "ip_version": "",
            "label_fingerprint": "42WmSpB8rSM=",
            "labels": {},
            "name": "flaskapp-dev-private-ip-address",
            "network": "https://www.googleapis.com/compute/v1/projects/focus-mechanic-295618/global/networks/flaskapp-dev-vpc",
            "prefix_length": 16,
            "project": "focus-mechanic-295618",
            "purpose": "VPC_PEERING",
            "self_link": "https://www.googleapis.com/compute/v1/projects/focus-mechanic-295618/global/addresses/flaskapp-dev-private-ip-address",
            "timeouts": null
          },
          "private": "eyJlMmJmYjczMC1lY2FhLTExZTYtOGY4OC0zNDM2M2JjN2M0YzAiOnsiY3JlYXRlIjoyNDAwMDAwMDAwMDAsImRlbGV0ZSI6MjQwMDAwMDAwMDAwLCJ1cGRhdGUiOjI0MDAwMDAwMDAwMH19",
          "dependencies": [
            "google_compute_network.vpc"
          ]
        }
      ]
    },
    {
      "mode": "managed",
      "type": "google_compute_network",
      "name": "vpc",
      "provider": "provider[\"registry.terraform.io/hashicorp/google\"]",
      "instances": [
        {
          "schema_version": 0,
          "attributes": {
            "auto_create_subnetworks": false,
            "delete_default_routes_on_create": false,
            "description": "",
            "gateway_ipv4": "",
            "id": "projects/focus-mechanic-295618/global/networks/flaskapp-dev-vpc",
            "mtu": 0,
            "name": "flaskapp-dev-vpc",
            "project": "focus-mechanic-295618",
            "routing_mode": "GLOBAL",
            "self_link": "https://www.googleapis.com/compute/v1/projects/focus-mechanic-295618/global/networks/flaskapp-dev-vpc",
            "timeouts": null
          },
          "private": "eyJlMmJmYjczMC1lY2FhLTExZTYtOGY4OC0zNDM2M2JjN2M0YzAiOnsiY3JlYXRlIjoyNDAwMDAwMDAwMDAsImRlbGV0ZSI6MjQwMDAwMDAwMDAwLCJ1cGRhdGUiOjI0MDAwMDAwMDAwMH19"
        }
      ]
    },
    {
      "mode": "managed",
      "type": "google_service_networking_connection",
      "name": "private_vpc_connection",
      "provider": "provider[\"registry.terraform.io/hashicorp/google-beta\"]",
      "instances": [
        {
          "schema_version": 0,
          "attributes": {
            "id": "projects%2Ffocus-mechanic-295618%2Fglobal%2Fnetworks%2Fflaskapp-dev-vpc:servicenetworking.googleapis.com",
            "network": "projects/focus-mechanic-295618/global/networks/flaskapp-dev-vpc",
            "peering": "servicenetworking-googleapis-com",
            "reserved_peering_ranges": [
              "flaskapp-dev-private-ip-address"
            ],
            "service": "servicenetworking.googleapis.com",
            "timeouts": null
          },
          "private": "eyJlMmJmYjczMC1lY2FhLTExZTYtOGY4OC0zNDM2M2JjN2M0YzAiOnsiY3JlYXRlIjo2MDAwMDAwMDAwMDAsImRlbGV0ZSI6NjAwMDAwMDAwMDAwLCJ1cGRhdGUiOjYwMDAwMDAwMDAwMH19",
          "dependencies": [
            "google_compute_global_address.private_ip_address",
            "google_compute_network.vpc"
          ]
        }
      ]
    },
    {
      "mode": "managed",
      "type": "google_sql_database_instance",
      "name": "my_sql",
      "provider": "provider[\"registry.terraform.io/hashicorp/google\"]",
      "instances": [
        {
          "schema_version": 0,
          "attributes": {
            "connection_name": "focus-mechanic-295618:us-central1:flaskapp-dev-db-5b8d054e",
            "database_version": "MYSQL_5_7",
            "deletion_protection": true,
            "first_ip_address": "10.157.0.3",
            "id": "flaskapp-dev-db-5b8d054e",
            "ip_address": [
              {
                "ip_address": "10.157.0.3",
                "time_to_retire": "",
                "type": "PRIVATE"
              }
            ],
            "master_instance_name": "",
            "name": "flaskapp-dev-db-5b8d054e",
            "private_ip_address": "10.157.0.3",
            "project": "focus-mechanic-295618",
            "public_ip_address": "",
            "region": "us-central1",
            "replica_configuration": [],
            "root_password": null,
            "self_link": "https://sqladmin.googleapis.com/sql/v1beta4/projects/focus-mechanic-295618/instances/flaskapp-dev-db-5b8d054e",
            "server_ca_cert": [
              {
                "cert": "-----BEGIN CERTIFICATE-----\nMIIDfzCCAmegAwIBAgIBADANBgkqhkiG9w0BAQsFADB3MS0wKwYDVQQuEyQ0Zjkx\nODkyMy1iMTNjLTQ0ZmQtYmIzYi1mODNlMTExMTNhN2MxIzAhBgNVBAMTGkdvb2ds\nZSBDbG91ZCBTUUwgU2VydmVyIENBMRQwEgYDVQQKEwtHb29nbGUsIEluYzELMAkG\nA1UEBhMCVVMwHhcNMjAxMjExMDc0ODI0WhcNMzAxMjA5MDc0OTI0WjB3MS0wKwYD\nVQQuEyQ0ZjkxODkyMy1iMTNjLTQ0ZmQtYmIzYi1mODNlMTExMTNhN2MxIzAhBgNV\nBAMTGkdvb2dsZSBDbG91ZCBTUUwgU2VydmVyIENBMRQwEgYDVQQKEwtHb29nbGUs\nIEluYzELMAkGA1UEBhMCVVMwggEiMA0GCSqGSIb3DQEBAQUAA4IBDwAwggEKAoIB\nAQCCfUsw7Q7imms2YBphiuoCNKIfKCKK7CzoKl1xvGvlbRhccsZL+8yD+diKSygs\nOKZWiJZR92djIBOM5aZMlhx3yOFeDf9iUp4ihG4Nsszmlj5BSMfX6XBVISicukuD\n5/cd59uWx7SmBw/JH/rsuFEsGqEmIslbjHSIQQ0G6qYkPjyEUerDoM/BkpTHeYkv\nFrpmG4mCDs337tDz35t+cqEBxJjz2CholoaHDQEvcEOHaRskgYaCL5JaSlqfmZJf\nkXPKwLJgqzL+fzCm5FVXxstOAlJmSIG2uxnqHiENHU9OYUwR1JwM45dkgm9ZZFWQ\nazge7obvR0e2Zuo+Yy+GN/S1AgMBAAGjFjAUMBIGA1UdEwEB/wQIMAYBAf8CAQAw\nDQYJKoZIhvcNAQELBQADggEBAC+ZmeSxY3DUHQRFcluFNxVHg96AdrJQJ6DAV8hF\nuuasiZJxP6bgbg6N6bvM8Lp6/hh/UGdDcJt++zgCA523D1jcuXVGEJdbNFBU3eVV\n7iBtUl27lwZ5iBh9YzoQb2v9JWYEE/Op12aa7o43W8YQwOcJHK0RQVmDeqVikgwY\nM/RlQgcWlPoY9HyZgmAGG58m3QjkljDSPaWok4IznVxscYrf+Ctp83xTVw17T9Da\nBI8blN0dAv2Ax+Ho5NcPqrpNMJPiENIwbkCHijLhHNE4wNzJVm8kK/HeUFm8e3ZG\nRS/y8rDyYNsV1xzaZsHtcDrWkQjyhzyDGKpBqLnQ/7CwJL8=\n-----END CERTIFICATE-----",
                "common_name": "C=US,O=Google\\, Inc,CN=Google Cloud SQL Server CA,dnQualifier=4f918923-b13c-44fd-bb3b-f83e11113a7c",
                "create_time": "2020-12-11T07:48:24.843Z",
                "expiration_time": "2030-12-09T07:49:24.843Z",
                "sha1_fingerprint": "4ef36f7463fab473895aa1902c8720ad8af6f126"
              }
            ],
            "service_account_email_address": "p908046633673-l80e99@gcp-sa-cloud-sql.iam.gserviceaccount.com",
            "settings": [
              {
                "activation_policy": "ALWAYS",
                "authorized_gae_applications": [],
                "availability_type": "",
                "backup_configuration": [
                  {
                    "binary_log_enabled": true,
                    "enabled": true,
                    "location": "",
                    "point_in_time_recovery_enabled": false,
                    "start_time": "00:00"
                  }
                ],
                "crash_safe_replication": false,
                "database_flags": [
                  {
                    "name": "log_bin_trust_function_creators",
                    "value": "on"
                  }
                ],
                "disk_autoresize": true,
                "disk_size": 10,
                "disk_type": "PD_SSD",
                "ip_configuration": [
                  {
                    "authorized_networks": [],
                    "ipv4_enabled": false,
                    "private_network": "projects/focus-mechanic-295618/global/networks/flaskapp-dev-vpc",
                    "require_ssl": false
                  }
                ],
                "location_preference": [
                  {
                    "follow_gae_application": "",
                    "zone": "us-central1-b"
                  }
                ],
                "maintenance_window": [
                  {
                    "day": 7,
                    "hour": 3,
                    "update_track": ""
                  }
                ],
                "pricing_plan": "PER_USE",
                "replication_type": "SYNCHRONOUS",
                "tier": "db-f1-micro",
                "user_labels": {},
                "version": 1
              }
            ],
            "timeouts": null
          }
        }
      ]
    },
    {
      "mode": "managed",
      "type": "random_id",
      "name": "instance_id",
      "provider": "provider[\"registry.terraform.io/hashicorp/random\"]",
      "instances": [
        {
          "schema_version": 0,
          "attributes": {
            "b64_std": "W40FTg==",
            "b64_url": "W40FTg",
            "byte_length": 4,
            "dec": "1535968590",
            "hex": "5b8d054e",
            "id": "W40FTg",
            "keepers": null,
            "prefix": null
          },
          "private": "bnVsbA=="
        }
      ]
    }
  ]
}
