{
  "version": 4,
  "terraform_version": "0.13.5",
  "serial": 28,
  "lineage": "7972b21b-2875-eeac-b6d6-e0b68fce8706",
  "outputs": {
    "db_instance_address": {
      "value": "10.106.0.3",
      "type": "string"
    },
    "db_instance_generated_user_password": {
      "value": "911e9d7e1976822b",
      "type": "string"
    },
    "db_instance_name": {
      "value": "flaskapp-staging-db-b0b3d67a",
      "type": "string"
    },
    "db_instance_username": {
      "value": "dbadmin",
      "type": "string"
    },
    "load-balancer-ip-address": {
      "value": "35.244.218.24",
      "type": "string"
    },
    "nat_ip_address": {
      "value": "146.148.98.205",
      "type": "string"
    },
    "web-1-internal-ip": {
      "value": "10.128.0.2",
      "type": "string"
    },
    "web-1-name": {
      "value": "flaskapp-staging-vm-1",
      "type": "string"
    }
  },
  "resources": [
    {
      "mode": "managed",
      "type": "google_compute_address",
      "name": "nat_ip",
      "provider": "provider[\"registry.terraform.io/hashicorp/google\"]",
      "instances": [
        {
          "schema_version": 0,
          "attributes": {
            "address": "146.148.98.205",
            "address_type": "EXTERNAL",
            "creation_timestamp": "2020-12-11T02:05:27.210-08:00",
            "description": "",
            "id": "projects/focus-mechanic-295618/regions/us-central1/addresses/flaskapp-staging-nat-ip",
            "name": "flaskapp-staging-nat-ip",
            "network_tier": "PREMIUM",
            "project": "focus-mechanic-295618",
            "purpose": "",
            "region": "us-central1",
            "self_link": "https://www.googleapis.com/compute/v1/projects/focus-mechanic-295618/regions/us-central1/addresses/flaskapp-staging-nat-ip",
            "subnetwork": "",
            "timeouts": null,
            "users": []
          },
          "private": "eyJlMmJmYjczMC1lY2FhLTExZTYtOGY4OC0zNDM2M2JjN2M0YzAiOnsiY3JlYXRlIjoyNDAwMDAwMDAwMDAsImRlbGV0ZSI6MjQwMDAwMDAwMDAwfX0="
        }
      ]
    },
    {
      "mode": "managed",
      "type": "google_compute_backend_service",
      "name": "backend_service",
      "provider": "provider[\"registry.terraform.io/hashicorp/google\"]",
      "instances": [
        {
          "schema_version": 1,
          "attributes": {
            "affinity_cookie_ttl_sec": 0,
            "backend": [
              {
                "balancing_mode": "RATE",
                "capacity_scaler": 1,
                "description": "",
                "group": "https://www.googleapis.com/compute/v1/projects/focus-mechanic-295618/zones/us-central1-b/instanceGroups/flaskapp-staging-vm-group",
                "max_connections": null,
                "max_connections_per_endpoint": null,
                "max_connections_per_instance": null,
                "max_rate": null,
                "max_rate_per_endpoint": null,
                "max_rate_per_instance": 100,
                "max_utilization": 0.8
              }
            ],
            "cdn_policy": [],
            "circuit_breakers": [],
            "connection_draining_timeout_sec": 300,
            "consistent_hash": [],
            "creation_timestamp": "2020-12-11T02:06:34.597-08:00",
            "custom_request_headers": null,
            "custom_response_headers": null,
            "description": "",
            "enable_cdn": false,
            "fingerprint": "L0qDKn3TUlk=",
            "health_checks": [
              "https://www.googleapis.com/compute/v1/projects/focus-mechanic-295618/global/healthChecks/flaskapp-staging-healthcheck"
            ],
            "iap": [],
            "id": "projects/focus-mechanic-295618/global/backendServices/flaskapp-staging-backend-service",
            "load_balancing_scheme": "EXTERNAL",
            "locality_lb_policy": "",
            "log_config": [],
            "name": "flaskapp-staging-backend-service",
            "outlier_detection": [],
            "port_name": "http",
            "project": "focus-mechanic-295618",
            "protocol": "HTTP",
            "security_policy": "",
            "self_link": "https://www.googleapis.com/compute/v1/projects/focus-mechanic-295618/global/backendServices/flaskapp-staging-backend-service",
            "session_affinity": "NONE",
            "timeout_sec": 30,
            "timeouts": null
          },
          "private": "eyJlMmJmYjczMC1lY2FhLTExZTYtOGY4OC0zNDM2M2JjN2M0YzAiOnsiY3JlYXRlIjoyNDAwMDAwMDAwMDAsImRlbGV0ZSI6MjQwMDAwMDAwMDAwLCJ1cGRhdGUiOjI0MDAwMDAwMDAwMH0sInNjaGVtYV92ZXJzaW9uIjoiMSJ9",
          "dependencies": [
            "google_compute_health_check.healthcheck",
            "google_compute_instance.web_private_1",
            "google_compute_instance_group.web_private_group",
            "google_compute_network.vpc",
            "google_compute_subnetwork.private_subnet_1"
          ]
        }
      ]
    },
    {
      "mode": "managed",
      "type": "google_compute_firewall",
      "name": "allow-http",
      "provider": "provider[\"registry.terraform.io/hashicorp/google\"]",
      "instances": [
        {
          "schema_version": 1,
          "attributes": {
            "allow": [
              {
                "ports": [
                  "80"
                ],
                "protocol": "tcp"
              }
            ],
            "creation_timestamp": "2020-12-11T02:05:39.395-08:00",
            "deny": [],
            "description": "",
            "destination_ranges": [],
            "direction": "INGRESS",
            "disabled": false,
            "enable_logging": null,
            "id": "projects/focus-mechanic-295618/global/firewalls/flaskapp-staging-fw-allow-http",
            "log_config": [],
            "name": "flaskapp-staging-fw-allow-http",
            "network": "https://www.googleapis.com/compute/v1/projects/focus-mechanic-295618/global/networks/flaskapp-staging-vpc",
            "priority": 1000,
            "project": "focus-mechanic-295618",
            "self_link": "https://www.googleapis.com/compute/v1/projects/focus-mechanic-295618/global/firewalls/flaskapp-staging-fw-allow-http",
            "source_ranges": [
              "0.0.0.0/0"
            ],
            "source_service_accounts": null,
            "source_tags": null,
            "target_service_accounts": null,
            "target_tags": [
              "http"
            ],
            "timeouts": null
          },
          "private": "eyJlMmJmYjczMC1lY2FhLTExZTYtOGY4OC0zNDM2M2JjN2M0YzAiOnsiY3JlYXRlIjoyNDAwMDAwMDAwMDAsImRlbGV0ZSI6MjQwMDAwMDAwMDAwLCJ1cGRhdGUiOjI0MDAwMDAwMDAwMH0sInNjaGVtYV92ZXJzaW9uIjoiMSJ9",
          "dependencies": [
            "google_compute_network.vpc"
          ]
        }
      ]
    },
    {
      "mode": "managed",
      "type": "google_compute_firewall",
      "name": "allow-https",
      "provider": "provider[\"registry.terraform.io/hashicorp/google\"]",
      "instances": [
        {
          "schema_version": 1,
          "attributes": {
            "allow": [
              {
                "ports": [
                  "443"
                ],
                "protocol": "tcp"
              }
            ],
            "creation_timestamp": "2020-12-11T02:05:39.412-08:00",
            "deny": [],
            "description": "",
            "destination_ranges": [],
            "direction": "INGRESS",
            "disabled": false,
            "enable_logging": null,
            "id": "projects/focus-mechanic-295618/global/firewalls/flaskapp-staging-fw-allow-https",
            "log_config": [],
            "name": "flaskapp-staging-fw-allow-https",
            "network": "https://www.googleapis.com/compute/v1/projects/focus-mechanic-295618/global/networks/flaskapp-staging-vpc",
            "priority": 1000,
            "project": "focus-mechanic-295618",
            "self_link": "https://www.googleapis.com/compute/v1/projects/focus-mechanic-295618/global/firewalls/flaskapp-staging-fw-allow-https",
            "source_ranges": [
              "0.0.0.0/0"
            ],
            "source_service_accounts": null,
            "source_tags": null,
            "target_service_accounts": null,
            "target_tags": [
              "https"
            ],
            "timeouts": null
          },
          "private": "eyJlMmJmYjczMC1lY2FhLTExZTYtOGY4OC0zNDM2M2JjN2M0YzAiOnsiY3JlYXRlIjoyNDAwMDAwMDAwMDAsImRlbGV0ZSI6MjQwMDAwMDAwMDAwLCJ1cGRhdGUiOjI0MDAwMDAwMDAwMH0sInNjaGVtYV92ZXJzaW9uIjoiMSJ9",
          "dependencies": [
            "google_compute_network.vpc"
          ]
        }
      ]
    },
    {
      "mode": "managed",
      "type": "google_compute_firewall",
      "name": "allow-internal",
      "provider": "provider[\"registry.terraform.io/hashicorp/google\"]",
      "instances": [
        {
          "schema_version": 1,
          "attributes": {
            "allow": [
              {
                "ports": [
                  "80"
                ],
                "protocol": "tcp"
              },
              {
                "ports": [],
                "protocol": "icmp"
              }
            ],
            "creation_timestamp": "2020-12-11T02:05:39.389-08:00",
            "deny": [],
            "description": "",
            "destination_ranges": [],
            "direction": "INGRESS",
            "disabled": false,
            "enable_logging": null,
            "id": "projects/focus-mechanic-295618/global/firewalls/flaskapp-staging-fw-allow-internal",
            "log_config": [],
            "name": "flaskapp-staging-fw-allow-internal",
            "network": "https://www.googleapis.com/compute/v1/projects/focus-mechanic-295618/global/networks/flaskapp-staging-vpc",
            "priority": 1000,
            "project": "focus-mechanic-295618",
            "self_link": "https://www.googleapis.com/compute/v1/projects/focus-mechanic-295618/global/firewalls/flaskapp-staging-fw-allow-internal",
            "source_ranges": [
              "10.128.0.0/20"
            ],
            "source_service_accounts": null,
            "source_tags": null,
            "target_service_accounts": null,
            "target_tags": null,
            "timeouts": null
          },
          "private": "eyJlMmJmYjczMC1lY2FhLTExZTYtOGY4OC0zNDM2M2JjN2M0YzAiOnsiY3JlYXRlIjoyNDAwMDAwMDAwMDAsImRlbGV0ZSI6MjQwMDAwMDAwMDAwLCJ1cGRhdGUiOjI0MDAwMDAwMDAwMH0sInNjaGVtYV92ZXJzaW9uIjoiMSJ9",
          "dependencies": [
            "google_compute_network.vpc"
          ]
        }
      ]
    },
    {
      "mode": "managed",
      "type": "google_compute_firewall",
      "name": "allow-rdp",
      "provider": "provider[\"registry.terraform.io/hashicorp/google\"]",
      "instances": [
        {
          "schema_version": 1,
          "attributes": {
            "allow": [
              {
                "ports": [
                  "3389"
                ],
                "protocol": "tcp"
              }
            ],
            "creation_timestamp": "2020-12-11T02:05:39.391-08:00",
            "deny": [],
            "description": "",
            "destination_ranges": [],
            "direction": "INGRESS",
            "disabled": false,
            "enable_logging": null,
            "id": "projects/focus-mechanic-295618/global/firewalls/flaskapp-staging-fw-allow-rdp",
            "log_config": [],
            "name": "flaskapp-staging-fw-allow-rdp",
            "network": "https://www.googleapis.com/compute/v1/projects/focus-mechanic-295618/global/networks/flaskapp-staging-vpc",
            "priority": 1000,
            "project": "focus-mechanic-295618",
            "self_link": "https://www.googleapis.com/compute/v1/projects/focus-mechanic-295618/global/firewalls/flaskapp-staging-fw-allow-rdp",
            "source_ranges": [
              "0.0.0.0/0"
            ],
            "source_service_accounts": null,
            "source_tags": null,
            "target_service_accounts": null,
            "target_tags": [
              "rdp"
            ],
            "timeouts": null
          },
          "private": "eyJlMmJmYjczMC1lY2FhLTExZTYtOGY4OC0zNDM2M2JjN2M0YzAiOnsiY3JlYXRlIjoyNDAwMDAwMDAwMDAsImRlbGV0ZSI6MjQwMDAwMDAwMDAwLCJ1cGRhdGUiOjI0MDAwMDAwMDAwMH0sInNjaGVtYV92ZXJzaW9uIjoiMSJ9",
          "dependencies": [
            "google_compute_network.vpc"
          ]
        }
      ]
    },
    {
      "mode": "managed",
      "type": "google_compute_firewall",
      "name": "allow-ssh",
      "provider": "provider[\"registry.terraform.io/hashicorp/google\"]",
      "instances": [
        {
          "schema_version": 1,
          "attributes": {
            "allow": [
              {
                "ports": [
                  "22"
                ],
                "protocol": "tcp"
              }
            ],
            "creation_timestamp": "2020-12-11T02:05:39.390-08:00",
            "deny": [],
            "description": "",
            "destination_ranges": [],
            "direction": "INGRESS",
            "disabled": false,
            "enable_logging": null,
            "id": "projects/focus-mechanic-295618/global/firewalls/flaskapp-staging-fw-allow-ssh",
            "log_config": [],
            "name": "flaskapp-staging-fw-allow-ssh",
            "network": "https://www.googleapis.com/compute/v1/projects/focus-mechanic-295618/global/networks/flaskapp-staging-vpc",
            "priority": 1000,
            "project": "focus-mechanic-295618",
            "self_link": "https://www.googleapis.com/compute/v1/projects/focus-mechanic-295618/global/firewalls/flaskapp-staging-fw-allow-ssh",
            "source_ranges": [
              "0.0.0.0/0"
            ],
            "source_service_accounts": null,
            "source_tags": null,
            "target_service_accounts": null,
            "target_tags": [
              "ssh"
            ],
            "timeouts": null
          },
          "private": "eyJlMmJmYjczMC1lY2FhLTExZTYtOGY4OC0zNDM2M2JjN2M0YzAiOnsiY3JlYXRlIjoyNDAwMDAwMDAwMDAsImRlbGV0ZSI6MjQwMDAwMDAwMDAwLCJ1cGRhdGUiOjI0MDAwMDAwMDAwMH0sInNjaGVtYV92ZXJzaW9uIjoiMSJ9",
          "dependencies": [
            "google_compute_network.vpc"
          ]
        }
      ]
    },
    {
      "mode": "managed",
      "type": "google_compute_global_address",
      "name": "private_ip_address",
      "provider": "provider[\"registry.terraform.io/hashicorp/google-beta\"]",
      "instances": [
        {
          "schema_version": 0,
          "attributes": {
            "address": "10.106.0.0",
            "address_type": "INTERNAL",
            "creation_timestamp": "2020-12-11T02:05:39.605-08:00",
            "description": "",
            "id": "projects/focus-mechanic-295618/global/addresses/flaskapp-staging-private-ip-address",
            "ip_version": "",
            "label_fingerprint": "42WmSpB8rSM=",
            "labels": null,
            "name": "flaskapp-staging-private-ip-address",
            "network": "https://www.googleapis.com/compute/v1/projects/focus-mechanic-295618/global/networks/flaskapp-staging-vpc",
            "prefix_length": 16,
            "project": "focus-mechanic-295618",
            "purpose": "VPC_PEERING",
            "self_link": "https://www.googleapis.com/compute/v1/projects/focus-mechanic-295618/global/addresses/flaskapp-staging-private-ip-address",
            "timeouts": null
          },
          "private": "eyJlMmJmYjczMC1lY2FhLTExZTYtOGY4OC0zNDM2M2JjN2M0YzAiOnsiY3JlYXRlIjoyNDAwMDAwMDAwMDAsImRlbGV0ZSI6MjQwMDAwMDAwMDAwLCJ1cGRhdGUiOjI0MDAwMDAwMDAwMH19",
          "dependencies": [
            "google_compute_network.vpc"
          ]
        }
      ]
    },
    {
      "mode": "managed",
      "type": "google_compute_global_forwarding_rule",
      "name": "global_forwarding_rule",
      "provider": "provider[\"registry.terraform.io/hashicorp/google\"]",
      "instances": [
        {
          "schema_version": 0,
          "attributes": {
            "description": "",
            "id": "projects/focus-mechanic-295618/global/forwardingRules/flaskapp-staging-global-forwarding-rule",
            "ip_address": "35.244.218.24",
            "ip_protocol": "TCP",
            "ip_version": "",
            "load_balancing_scheme": "EXTERNAL",
            "metadata_filters": [],
            "name": "flaskapp-staging-global-forwarding-rule",
            "port_range": "80-80",
            "project": "focus-mechanic-295618",
            "self_link": "https://www.googleapis.com/compute/v1/projects/focus-mechanic-295618/global/forwardingRules/flaskapp-staging-global-forwarding-rule",
            "target": "https://www.googleapis.com/compute/v1/projects/focus-mechanic-295618/global/targetHttpProxies/flaskapp-staging-proxy",
            "timeouts": null
          },
          "private": "eyJlMmJmYjczMC1lY2FhLTExZTYtOGY4OC0zNDM2M2JjN2M0YzAiOnsiY3JlYXRlIjoyNDAwMDAwMDAwMDAsImRlbGV0ZSI6MjQwMDAwMDAwMDAwLCJ1cGRhdGUiOjI0MDAwMDAwMDAwMH19",
          "dependencies": [
            "google_compute_backend_service.backend_service",
            "google_compute_health_check.healthcheck",
            "google_compute_instance.web_private_1",
            "google_compute_instance_group.web_private_group",
            "google_compute_network.vpc",
            "google_compute_subnetwork.private_subnet_1",
            "google_compute_target_http_proxy.target_http_proxy",
            "google_compute_url_map.url_map"
          ]
        }
      ]
    },
    {
      "mode": "managed",
      "type": "google_compute_health_check",
      "name": "healthcheck",
      "provider": "provider[\"registry.terraform.io/hashicorp/google\"]",
      "instances": [
        {
          "schema_version": 0,
          "attributes": {
            "check_interval_sec": 10,
            "creation_timestamp": "2020-12-11T02:05:26.993-08:00",
            "description": "",
            "grpc_health_check": [],
            "healthy_threshold": 2,
            "http2_health_check": [],
            "http_health_check": [
              {
                "host": "",
                "port": 80,
                "port_name": "",
                "port_specification": "",
                "proxy_header": "NONE",
                "request_path": "/",
                "response": ""
              }
            ],
            "https_health_check": [],
            "id": "projects/focus-mechanic-295618/global/healthChecks/flaskapp-staging-healthcheck",
            "name": "flaskapp-staging-healthcheck",
            "project": "focus-mechanic-295618",
            "self_link": "https://www.googleapis.com/compute/v1/projects/focus-mechanic-295618/global/healthChecks/flaskapp-staging-healthcheck",
            "ssl_health_check": [],
            "tcp_health_check": [],
            "timeout_sec": 10,
            "timeouts": null,
            "type": "HTTP",
            "unhealthy_threshold": 2
          },
          "private": "eyJlMmJmYjczMC1lY2FhLTExZTYtOGY4OC0zNDM2M2JjN2M0YzAiOnsiY3JlYXRlIjoyNDAwMDAwMDAwMDAsImRlbGV0ZSI6MjQwMDAwMDAwMDAwLCJ1cGRhdGUiOjI0MDAwMDAwMDAwMH19"
        }
      ]
    },
    {
      "mode": "managed",
      "type": "google_compute_instance",
      "name": "web_private_1",
      "provider": "provider[\"registry.terraform.io/hashicorp/google\"]",
      "instances": [
        {
          "schema_version": 6,
          "attributes": {
            "allow_stopping_for_update": null,
            "attached_disk": [],
            "boot_disk": [
              {
                "auto_delete": true,
                "device_name": "persistent-disk-0",
                "disk_encryption_key_raw": "",
                "disk_encryption_key_sha256": "",
                "initialize_params": [
                  {
                    "image": "https://www.googleapis.com/compute/v1/projects/ubuntu-os-cloud/global/images/ubuntu-1804-bionic-v20201123",
                    "labels": {},
                    "size": 10,
                    "type": "pd-standard"
                  }
                ],
                "kms_key_self_link": "",
                "mode": "READ_WRITE",
                "source": "https://www.googleapis.com/compute/v1/projects/focus-mechanic-295618/zones/us-central1-b/disks/flaskapp-staging-vm-1"
              }
            ],
            "can_ip_forward": false,
            "cpu_platform": "Intel Haswell",
            "current_status": "RUNNING",
            "deletion_protection": false,
            "description": "",
            "desired_status": null,
            "enable_display": false,
            "guest_accelerator": [],
            "hostname": "flaskapp-staging-vm1.test",
            "id": "projects/focus-mechanic-295618/zones/us-central1-b/instances/flaskapp-staging-vm-1",
            "instance_id": "237635921275452002",
            "label_fingerprint": "42WmSpB8rSM=",
            "labels": null,
            "machine_type": "f1-micro",
            "metadata": null,
            "metadata_fingerprint": "ViqQ-mWSzJ0=",
            "metadata_startup_script": "sudo apt-get update; sudo apt-get install -yq build-essential python-pip rsync; pip install flask; sudo apt install mysql-client; sudo apt-get install python-dev default-libmysqlclient-dev libssl-dev; pip install --user flask-mysqldb",
            "min_cpu_platform": "",
            "name": "flaskapp-staging-vm-1",
            "network_interface": [
              {
                "access_config": [],
                "alias_ip_range": [],
                "name": "nic0",
                "network": "https://www.googleapis.com/compute/v1/projects/focus-mechanic-295618/global/networks/flaskapp-staging-vpc",
                "network_ip": "10.128.0.2",
                "subnetwork": "https://www.googleapis.com/compute/v1/projects/focus-mechanic-295618/regions/us-central1/subnetworks/flaskapp-staging-private-subnet-1",
                "subnetwork_project": "focus-mechanic-295618"
              }
            ],
            "project": "focus-mechanic-295618",
            "resource_policies": null,
            "scheduling": [
              {
                "automatic_restart": true,
                "node_affinities": [],
                "on_host_maintenance": "MIGRATE",
                "preemptible": false
              }
            ],
            "scratch_disk": [],
            "self_link": "https://www.googleapis.com/compute/v1/projects/focus-mechanic-295618/zones/us-central1-b/instances/flaskapp-staging-vm-1",
            "service_account": [],
            "shielded_instance_config": [
              {
                "enable_integrity_monitoring": true,
                "enable_secure_boot": false,
                "enable_vtpm": true
              }
            ],
            "tags": [
              "http",
              "ssh"
            ],
            "tags_fingerprint": "7XLBdwIeS7E=",
            "timeouts": null,
            "zone": "us-central1-b"
          },
          "private": "eyJlMmJmYjczMC1lY2FhLTExZTYtOGY4OC0zNDM2M2JjN2M0YzAiOnsiY3JlYXRlIjoxMjAwMDAwMDAwMDAwLCJkZWxldGUiOjEyMDAwMDAwMDAwMDAsInVwZGF0ZSI6MTIwMDAwMDAwMDAwMH0sInNjaGVtYV92ZXJzaW9uIjoiNiJ9",
          "dependencies": [
            "google_compute_network.vpc",
            "google_compute_subnetwork.private_subnet_1"
          ]
        }
      ]
    },
    {
      "mode": "managed",
      "type": "google_compute_instance_group",
      "name": "web_private_group",
      "provider": "provider[\"registry.terraform.io/hashicorp/google\"]",
      "instances": [
        {
          "schema_version": 2,
          "attributes": {
            "description": "Web servers instance group",
            "id": "projects/focus-mechanic-295618/zones/us-central1-b/instanceGroups/flaskapp-staging-vm-group",
            "instances": [
              "https://www.googleapis.com/compute/v1/projects/focus-mechanic-295618/zones/us-central1-b/instances/flaskapp-staging-vm-1"
            ],
            "name": "flaskapp-staging-vm-group",
            "named_port": [
              {
                "name": "http",
                "port": 80
              }
            ],
            "network": "https://www.googleapis.com/compute/v1/projects/focus-mechanic-295618/global/networks/flaskapp-staging-vpc",
            "project": "focus-mechanic-295618",
            "self_link": "https://www.googleapis.com/compute/v1/projects/focus-mechanic-295618/zones/us-central1-b/instanceGroups/flaskapp-staging-vm-group",
            "size": 1,
            "timeouts": null,
            "zone": "us-central1-b"
          },
          "private": "eyJlMmJmYjczMC1lY2FhLTExZTYtOGY4OC0zNDM2M2JjN2M0YzAiOnsiY3JlYXRlIjozNjAwMDAwMDAwMDAsImRlbGV0ZSI6MzYwMDAwMDAwMDAwLCJ1cGRhdGUiOjM2MDAwMDAwMDAwMH0sInNjaGVtYV92ZXJzaW9uIjoiMiJ9",
          "dependencies": [
            "google_compute_instance.web_private_1",
            "google_compute_network.vpc",
            "google_compute_subnetwork.private_subnet_1"
          ]
        }
      ]
    },
    {
      "mode": "managed",
      "type": "google_compute_network",
      "name": "vpc",
      "provider": "provider[\"registry.terraform.io/hashicorp/google\"]",
      "instances": [
        {
          "schema_version": 0,
          "attributes": {
            "auto_create_subnetworks": false,
            "delete_default_routes_on_create": false,
            "description": "",
            "gateway_ipv4": "",
            "id": "projects/focus-mechanic-295618/global/networks/flaskapp-staging-vpc",
            "mtu": 0,
            "name": "flaskapp-staging-vpc",
            "project": "focus-mechanic-295618",
            "routing_mode": "GLOBAL",
            "self_link": "https://www.googleapis.com/compute/v1/projects/focus-mechanic-295618/global/networks/flaskapp-staging-vpc",
            "timeouts": null
          },
          "private": "eyJlMmJmYjczMC1lY2FhLTExZTYtOGY4OC0zNDM2M2JjN2M0YzAiOnsiY3JlYXRlIjoyNDAwMDAwMDAwMDAsImRlbGV0ZSI6MjQwMDAwMDAwMDAwLCJ1cGRhdGUiOjI0MDAwMDAwMDAwMH19"
        }
      ]
    },
    {
      "mode": "managed",
      "type": "google_compute_router",
      "name": "nat-router",
      "provider": "provider[\"registry.terraform.io/hashicorp/google\"]",
      "instances": [
        {
          "schema_version": 0,
          "attributes": {
            "bgp": [],
            "creation_timestamp": "2020-12-11T02:05:39.717-08:00",
            "description": "",
            "id": "projects/focus-mechanic-295618/regions/us-central1/routers/flaskapp-staging-nat-router",
            "name": "flaskapp-staging-nat-router",
            "network": "https://www.googleapis.com/compute/v1/projects/focus-mechanic-295618/global/networks/flaskapp-staging-vpc",
            "project": "focus-mechanic-295618",
            "region": "us-central1",
            "self_link": "https://www.googleapis.com/compute/v1/projects/focus-mechanic-295618/regions/us-central1/routers/flaskapp-staging-nat-router",
            "timeouts": null
          },
          "private": "eyJlMmJmYjczMC1lY2FhLTExZTYtOGY4OC0zNDM2M2JjN2M0YzAiOnsiY3JlYXRlIjoyNDAwMDAwMDAwMDAsImRlbGV0ZSI6MjQwMDAwMDAwMDAwLCJ1cGRhdGUiOjI0MDAwMDAwMDAwMH19",
          "dependencies": [
            "google_compute_network.vpc"
          ]
        }
      ]
    },
    {
      "mode": "managed",
      "type": "google_compute_router_nat",
      "name": "nat-gateway",
      "provider": "provider[\"registry.terraform.io/hashicorp/google\"]",
      "instances": [
        {
          "schema_version": 0,
          "attributes": {
            "drain_nat_ips": null,
            "icmp_idle_timeout_sec": 30,
            "id": "focus-mechanic-295618/us-central1/flaskapp-staging-nat-router/flaskapp-nat-gateway",
            "log_config": [],
            "min_ports_per_vm": 0,
            "name": "flaskapp-nat-gateway",
            "nat_ip_allocate_option": "MANUAL_ONLY",
            "nat_ips": [
              "https://www.googleapis.com/compute/v1/projects/focus-mechanic-295618/regions/us-central1/addresses/flaskapp-staging-nat-ip"
            ],
            "project": "focus-mechanic-295618",
            "region": null,
            "router": "flaskapp-staging-nat-router",
            "source_subnetwork_ip_ranges_to_nat": "ALL_SUBNETWORKS_ALL_IP_RANGES",
            "subnetwork": [],
            "tcp_established_idle_timeout_sec": 1200,
            "tcp_transitory_idle_timeout_sec": 30,
            "timeouts": null,
            "udp_idle_timeout_sec": 30
          },
          "private": "eyJlMmJmYjczMC1lY2FhLTExZTYtOGY4OC0zNDM2M2JjN2M0YzAiOnsiY3JlYXRlIjo2MDAwMDAwMDAwMDAsImRlbGV0ZSI6NjAwMDAwMDAwMDAwLCJ1cGRhdGUiOjYwMDAwMDAwMDAwMH19",
          "dependencies": [
            "google_compute_address.nat_ip",
            "google_compute_network.vpc",
            "google_compute_router.nat-router"
          ]
        }
      ]
    },
    {
      "mode": "managed",
      "type": "google_compute_subnetwork",
      "name": "private_subnet_1",
      "provider": "provider[\"registry.terraform.io/hashicorp/google-beta\"]",
      "instances": [
        {
          "schema_version": 0,
          "attributes": {
            "creation_timestamp": "2020-12-11T02:05:39.934-08:00",
            "description": "",
            "fingerprint": null,
            "gateway_address": "10.128.0.1",
            "id": "projects/focus-mechanic-295618/regions/us-central1/subnetworks/flaskapp-staging-private-subnet-1",
            "ip_cidr_range": "10.128.0.0/20",
            "log_config": [],
            "name": "flaskapp-staging-private-subnet-1",
            "network": "https://www.googleapis.com/compute/v1/projects/focus-mechanic-295618/global/networks/flaskapp-staging-vpc",
            "private_ip_google_access": false,
            "private_ipv6_google_access": "DISABLE_GOOGLE_ACCESS",
            "project": "focus-mechanic-295618",
            "purpose": "PRIVATE",
            "region": "us-central1",
            "role": "",
            "secondary_ip_range": [],
            "self_link": "https://www.googleapis.com/compute/v1/projects/focus-mechanic-295618/regions/us-central1/subnetworks/flaskapp-staging-private-subnet-1",
            "timeouts": null
          },
          "private": "eyJlMmJmYjczMC1lY2FhLTExZTYtOGY4OC0zNDM2M2JjN2M0YzAiOnsiY3JlYXRlIjozNjAwMDAwMDAwMDAsImRlbGV0ZSI6MzYwMDAwMDAwMDAwLCJ1cGRhdGUiOjM2MDAwMDAwMDAwMH19",
          "dependencies": [
            "google_compute_network.vpc"
          ]
        }
      ]
    },
    {
      "mode": "managed",
      "type": "google_compute_target_http_proxy",
      "name": "target_http_proxy",
      "provider": "provider[\"registry.terraform.io/hashicorp/google\"]",
      "instances": [
        {
          "schema_version": 0,
          "attributes": {
            "creation_timestamp": "2020-12-11T02:06:49.030-08:00",
            "description": "",
            "id": "projects/focus-mechanic-295618/global/targetHttpProxies/flaskapp-staging-proxy",
            "name": "flaskapp-staging-proxy",
            "project": "focus-mechanic-295618",
            "proxy_id": 4651185889928477270,
            "self_link": "https://www.googleapis.com/compute/v1/projects/focus-mechanic-295618/global/targetHttpProxies/flaskapp-staging-proxy",
            "timeouts": null,
            "url_map": "https://www.googleapis.com/compute/v1/projects/focus-mechanic-295618/global/urlMaps/flaskapp-staging-load-balancer"
          },
          "private": "eyJlMmJmYjczMC1lY2FhLTExZTYtOGY4OC0zNDM2M2JjN2M0YzAiOnsiY3JlYXRlIjoyNDAwMDAwMDAwMDAsImRlbGV0ZSI6MjQwMDAwMDAwMDAwLCJ1cGRhdGUiOjI0MDAwMDAwMDAwMH19",
          "dependencies": [
            "google_compute_backend_service.backend_service",
            "google_compute_health_check.healthcheck",
            "google_compute_instance.web_private_1",
            "google_compute_instance_group.web_private_group",
            "google_compute_network.vpc",
            "google_compute_subnetwork.private_subnet_1",
            "google_compute_url_map.url_map"
          ]
        }
      ]
    },
    {
      "mode": "managed",
      "type": "google_compute_url_map",
      "name": "url_map",
      "provider": "provider[\"registry.terraform.io/hashicorp/google\"]",
      "instances": [
        {
          "schema_version": 0,
          "attributes": {
            "creation_timestamp": "2020-12-11T02:06:46.887-08:00",
            "default_route_action": [],
            "default_service": "https://www.googleapis.com/compute/v1/projects/focus-mechanic-295618/global/backendServices/flaskapp-staging-backend-service",
            "default_url_redirect": [],
            "description": "",
            "fingerprint": "85xZNBJG6FU=",
            "header_action": [],
            "host_rule": [],
            "id": "projects/focus-mechanic-295618/global/urlMaps/flaskapp-staging-load-balancer",
            "map_id": 2541352625324882521,
            "name": "flaskapp-staging-load-balancer",
            "path_matcher": [],
            "project": "focus-mechanic-295618",
            "self_link": "https://www.googleapis.com/compute/v1/projects/focus-mechanic-295618/global/urlMaps/flaskapp-staging-load-balancer",
            "test": [],
            "timeouts": null
          },
          "private": "eyJlMmJmYjczMC1lY2FhLTExZTYtOGY4OC0zNDM2M2JjN2M0YzAiOnsiY3JlYXRlIjoyNDAwMDAwMDAwMDAsImRlbGV0ZSI6MjQwMDAwMDAwMDAwLCJ1cGRhdGUiOjI0MDAwMDAwMDAwMH19",
          "dependencies": [
            "google_compute_backend_service.backend_service",
            "google_compute_health_check.healthcheck",
            "google_compute_instance.web_private_1",
            "google_compute_instance_group.web_private_group",
            "google_compute_network.vpc",
            "google_compute_subnetwork.private_subnet_1"
          ]
        }
      ]
    },
    {
      "mode": "managed",
      "type": "google_service_networking_connection",
      "name": "private_vpc_connection",
      "provider": "provider[\"registry.terraform.io/hashicorp/google-beta\"]",
      "instances": [
        {
          "schema_version": 0,
          "attributes": {
            "id": "projects%2Ffocus-mechanic-295618%2Fglobal%2Fnetworks%2Fflaskapp-staging-vpc:servicenetworking.googleapis.com",
            "network": "projects/focus-mechanic-295618/global/networks/flaskapp-staging-vpc",
            "peering": "servicenetworking-googleapis-com",
            "reserved_peering_ranges": [
              "flaskapp-staging-private-ip-address"
            ],
            "service": "servicenetworking.googleapis.com",
            "timeouts": null
          },
          "private": "eyJlMmJmYjczMC1lY2FhLTExZTYtOGY4OC0zNDM2M2JjN2M0YzAiOnsiY3JlYXRlIjo2MDAwMDAwMDAwMDAsImRlbGV0ZSI6NjAwMDAwMDAwMDAwLCJ1cGRhdGUiOjYwMDAwMDAwMDAwMH19",
          "dependencies": [
            "google_compute_global_address.private_ip_address",
            "google_compute_network.vpc"
          ]
        }
      ]
    },
    {
      "mode": "managed",
      "type": "random_id",
      "name": "instance_id",
      "provider": "provider[\"registry.terraform.io/hashicorp/random\"]",
      "instances": [
        {
          "schema_version": 0,
          "attributes": {
            "b64_std": "sLPWeg==",
            "b64_url": "sLPWeg",
            "byte_length": 4,
            "dec": "2964575866",
            "hex": "b0b3d67a",
            "id": "sLPWeg",
            "keepers": null,
            "prefix": null
          },
          "private": "bnVsbA=="
        }
      ]
    },
    {
      "mode": "managed",
      "type": "random_id",
      "name": "user_password",
      "provider": "provider[\"registry.terraform.io/hashicorp/random\"]",
      "instances": [
        {
          "schema_version": 0,
          "attributes": {
            "b64_std": "kR6dfhl2gis=",
            "b64_url": "kR6dfhl2gis",
            "byte_length": 8,
            "dec": "10456968549719507499",
            "hex": "911e9d7e1976822b",
            "id": "kR6dfhl2gis",
            "keepers": null,
            "prefix": null
          },
          "private": "bnVsbA=="
        }
      ]
    }
  ]
}
