{
  "version": 4,
  "terraform_version": "0.13.5",
  "serial": 78,
  "lineage": "1d981a26-5462-670f-729d-8853708c733b",
  "outputs": {
    "db_instance_address": {
      "value": "10.56.1.3",
      "type": "string"
    },
    "db_instance_generated_user_password": {
      "value": "0947719d2ea539b8",
      "type": "string"
    },
    "db_instance_name": {
      "value": "flaskapp-dev-db-1e36c050",
      "type": "string"
    },
    "db_instance_username": {
      "value": "dbadmin",
      "type": "string"
    },
    "load-balancer-ip-address": {
      "value": "35.244.218.24",
      "type": "string"
    },
    "nat_ip_address": {
      "value": "35.202.98.26",
      "type": "string"
    },
    "web-1-internal-ip": {
      "value": [
        "10.128.0.2"
      ],
      "type": [
        "tuple",
        [
          "string"
        ]
      ]
    },
    "web-1-name": {
      "value": [
        "flaskapp-dev-vm-1"
      ],
      "type": [
        "tuple",
        [
          "string"
        ]
      ]
    }
  },
  "resources": [
    {
      "mode": "managed",
      "type": "google_compute_address",
      "name": "nat_ip",
      "provider": "provider[\"registry.terraform.io/hashicorp/google\"]",
      "instances": [
        {
          "schema_version": 0,
          "attributes": {
            "address": "35.202.98.26",
            "address_type": "EXTERNAL",
            "creation_timestamp": "2020-12-12T23:46:29.232-08:00",
            "description": "",
            "id": "projects/focus-mechanic-295618/regions/us-central1/addresses/flaskapp-dev-nat-ip",
            "name": "flaskapp-dev-nat-ip",
            "network_tier": "PREMIUM",
            "project": "focus-mechanic-295618",
            "purpose": "",
            "region": "us-central1",
            "self_link": "https://www.googleapis.com/compute/v1/projects/focus-mechanic-295618/regions/us-central1/addresses/flaskapp-dev-nat-ip",
            "subnetwork": "",
            "timeouts": null,
            "users": []
          },
          "private": "eyJlMmJmYjczMC1lY2FhLTExZTYtOGY4OC0zNDM2M2JjN2M0YzAiOnsiY3JlYXRlIjoyNDAwMDAwMDAwMDAsImRlbGV0ZSI6MjQwMDAwMDAwMDAwfX0="
        }
      ]
    },
    {
      "mode": "managed",
      "type": "google_compute_backend_service",
      "name": "backend_service",
      "provider": "provider[\"registry.terraform.io/hashicorp/google\"]",
      "instances": [
        {
          "schema_version": 1,
          "attributes": {
            "affinity_cookie_ttl_sec": 0,
            "backend": [
              {
                "balancing_mode": "RATE",
                "capacity_scaler": 1,
                "description": "",
                "group": "https://www.googleapis.com/compute/v1/projects/focus-mechanic-295618/zones/us-central1-b/instanceGroups/flaskapp-dev-vm-group",
                "max_connections": null,
                "max_connections_per_endpoint": null,
                "max_connections_per_instance": null,
                "max_rate": null,
                "max_rate_per_endpoint": null,
                "max_rate_per_instance": 100,
                "max_utilization": 0.8
              }
            ],
            "cdn_policy": [],
            "circuit_breakers": [],
            "connection_draining_timeout_sec": 300,
            "consistent_hash": [],
            "creation_timestamp": "2020-12-12T23:47:35.286-08:00",
            "custom_request_headers": null,
            "custom_response_headers": null,
            "description": "",
            "enable_cdn": false,
            "fingerprint": "WiReu6BGydk=",
            "health_checks": [
              "https://www.googleapis.com/compute/v1/projects/focus-mechanic-295618/global/healthChecks/flaskapp-dev-healthcheck"
            ],
            "iap": [],
            "id": "projects/focus-mechanic-295618/global/backendServices/flaskapp-dev-backend-service",
            "load_balancing_scheme": "EXTERNAL",
            "locality_lb_policy": "",
            "log_config": [],
            "name": "flaskapp-dev-backend-service",
            "outlier_detection": [],
            "port_name": "http",
            "project": "focus-mechanic-295618",
            "protocol": "HTTP",
            "security_policy": "",
            "self_link": "https://www.googleapis.com/compute/v1/projects/focus-mechanic-295618/global/backendServices/flaskapp-dev-backend-service",
            "session_affinity": "NONE",
            "timeout_sec": 30,
            "timeouts": null
          },
          "private": "eyJlMmJmYjczMC1lY2FhLTExZTYtOGY4OC0zNDM2M2JjN2M0YzAiOnsiY3JlYXRlIjoyNDAwMDAwMDAwMDAsImRlbGV0ZSI6MjQwMDAwMDAwMDAwLCJ1cGRhdGUiOjI0MDAwMDAwMDAwMH0sInNjaGVtYV92ZXJzaW9uIjoiMSJ9",
          "dependencies": [
            "google_compute_health_check.healthcheck",
            "google_compute_instance.web_private_1",
            "google_compute_instance_group.web_private_group",
            "google_compute_network.vpc",
            "google_compute_subnetwork.private_subnet_1"
          ]
        }
      ]
    },
    {
      "mode": "managed",
      "type": "google_compute_firewall",
      "name": "allow-http",
      "provider": "provider[\"registry.terraform.io/hashicorp/google\"]",
      "instances": [
        {
          "schema_version": 1,
          "attributes": {
            "allow": [
              {
                "ports": [
                  "80"
                ],
                "protocol": "tcp"
              }
            ],
            "creation_timestamp": "2020-12-12T23:46:41.396-08:00",
            "deny": [],
            "description": "",
            "destination_ranges": [],
            "direction": "INGRESS",
            "disabled": false,
            "enable_logging": null,
            "id": "projects/focus-mechanic-295618/global/firewalls/flaskapp-dev-fw-allow-http",
            "log_config": [],
            "name": "flaskapp-dev-fw-allow-http",
            "network": "https://www.googleapis.com/compute/v1/projects/focus-mechanic-295618/global/networks/flaskapp-dev-vpc",
            "priority": 1000,
            "project": "focus-mechanic-295618",
            "self_link": "https://www.googleapis.com/compute/v1/projects/focus-mechanic-295618/global/firewalls/flaskapp-dev-fw-allow-http",
            "source_ranges": [
              "0.0.0.0/0"
            ],
            "source_service_accounts": null,
            "source_tags": null,
            "target_service_accounts": null,
            "target_tags": [
              "http"
            ],
            "timeouts": null
          },
          "private": "eyJlMmJmYjczMC1lY2FhLTExZTYtOGY4OC0zNDM2M2JjN2M0YzAiOnsiY3JlYXRlIjoyNDAwMDAwMDAwMDAsImRlbGV0ZSI6MjQwMDAwMDAwMDAwLCJ1cGRhdGUiOjI0MDAwMDAwMDAwMH0sInNjaGVtYV92ZXJzaW9uIjoiMSJ9",
          "dependencies": [
            "google_compute_network.vpc"
          ]
        }
      ]
    },
    {
      "mode": "managed",
      "type": "google_compute_firewall",
      "name": "allow-https",
      "provider": "provider[\"registry.terraform.io/hashicorp/google\"]",
      "instances": [
        {
          "schema_version": 1,
          "attributes": {
            "allow": [
              {
                "ports": [
                  "443"
                ],
                "protocol": "tcp"
              }
            ],
            "creation_timestamp": "2020-12-12T23:46:41.521-08:00",
            "deny": [],
            "description": "",
            "destination_ranges": [],
            "direction": "INGRESS",
            "disabled": false,
            "enable_logging": null,
            "id": "projects/focus-mechanic-295618/global/firewalls/flaskapp-dev-fw-allow-https",
            "log_config": [],
            "name": "flaskapp-dev-fw-allow-https",
            "network": "https://www.googleapis.com/compute/v1/projects/focus-mechanic-295618/global/networks/flaskapp-dev-vpc",
            "priority": 1000,
            "project": "focus-mechanic-295618",
            "self_link": "https://www.googleapis.com/compute/v1/projects/focus-mechanic-295618/global/firewalls/flaskapp-dev-fw-allow-https",
            "source_ranges": [
              "0.0.0.0/0"
            ],
            "source_service_accounts": null,
            "source_tags": null,
            "target_service_accounts": null,
            "target_tags": [
              "https"
            ],
            "timeouts": null
          },
          "private": "eyJlMmJmYjczMC1lY2FhLTExZTYtOGY4OC0zNDM2M2JjN2M0YzAiOnsiY3JlYXRlIjoyNDAwMDAwMDAwMDAsImRlbGV0ZSI6MjQwMDAwMDAwMDAwLCJ1cGRhdGUiOjI0MDAwMDAwMDAwMH0sInNjaGVtYV92ZXJzaW9uIjoiMSJ9",
          "dependencies": [
            "google_compute_network.vpc"
          ]
        }
      ]
    },
    {
      "mode": "managed",
      "type": "google_compute_firewall",
      "name": "allow-internal",
      "provider": "provider[\"registry.terraform.io/hashicorp/google\"]",
      "instances": [
        {
          "schema_version": 1,
          "attributes": {
            "allow": [
              {
                "ports": [
                  "80"
                ],
                "protocol": "tcp"
              },
              {
                "ports": [],
                "protocol": "icmp"
              }
            ],
            "creation_timestamp": "2020-12-12T23:46:41.396-08:00",
            "deny": [],
            "description": "",
            "destination_ranges": [],
            "direction": "INGRESS",
            "disabled": false,
            "enable_logging": null,
            "id": "projects/focus-mechanic-295618/global/firewalls/flaskapp-dev-fw-allow-internal",
            "log_config": [],
            "name": "flaskapp-dev-fw-allow-internal",
            "network": "https://www.googleapis.com/compute/v1/projects/focus-mechanic-295618/global/networks/flaskapp-dev-vpc",
            "priority": 1000,
            "project": "focus-mechanic-295618",
            "self_link": "https://www.googleapis.com/compute/v1/projects/focus-mechanic-295618/global/firewalls/flaskapp-dev-fw-allow-internal",
            "source_ranges": [
              "10.128.0.0/20"
            ],
            "source_service_accounts": null,
            "source_tags": null,
            "target_service_accounts": null,
            "target_tags": null,
            "timeouts": null
          },
          "private": "eyJlMmJmYjczMC1lY2FhLTExZTYtOGY4OC0zNDM2M2JjN2M0YzAiOnsiY3JlYXRlIjoyNDAwMDAwMDAwMDAsImRlbGV0ZSI6MjQwMDAwMDAwMDAwLCJ1cGRhdGUiOjI0MDAwMDAwMDAwMH0sInNjaGVtYV92ZXJzaW9uIjoiMSJ9",
          "dependencies": [
            "google_compute_network.vpc"
          ]
        }
      ]
    },
    {
      "mode": "managed",
      "type": "google_compute_firewall",
      "name": "allow-rdp",
      "provider": "provider[\"registry.terraform.io/hashicorp/google\"]",
      "instances": [
        {
          "schema_version": 1,
          "attributes": {
            "allow": [
              {
                "ports": [
                  "3389"
                ],
                "protocol": "tcp"
              }
            ],
            "creation_timestamp": "2020-12-12T23:46:41.521-08:00",
            "deny": [],
            "description": "",
            "destination_ranges": [],
            "direction": "INGRESS",
            "disabled": false,
            "enable_logging": null,
            "id": "projects/focus-mechanic-295618/global/firewalls/flaskapp-dev-fw-allow-rdp",
            "log_config": [],
            "name": "flaskapp-dev-fw-allow-rdp",
            "network": "https://www.googleapis.com/compute/v1/projects/focus-mechanic-295618/global/networks/flaskapp-dev-vpc",
            "priority": 1000,
            "project": "focus-mechanic-295618",
            "self_link": "https://www.googleapis.com/compute/v1/projects/focus-mechanic-295618/global/firewalls/flaskapp-dev-fw-allow-rdp",
            "source_ranges": [
              "0.0.0.0/0"
            ],
            "source_service_accounts": null,
            "source_tags": null,
            "target_service_accounts": null,
            "target_tags": [
              "rdp"
            ],
            "timeouts": null
          },
          "private": "eyJlMmJmYjczMC1lY2FhLTExZTYtOGY4OC0zNDM2M2JjN2M0YzAiOnsiY3JlYXRlIjoyNDAwMDAwMDAwMDAsImRlbGV0ZSI6MjQwMDAwMDAwMDAwLCJ1cGRhdGUiOjI0MDAwMDAwMDAwMH0sInNjaGVtYV92ZXJzaW9uIjoiMSJ9",
          "dependencies": [
            "google_compute_network.vpc"
          ]
        }
      ]
    },
    {
      "mode": "managed",
      "type": "google_compute_firewall",
      "name": "allow-ssh",
      "provider": "provider[\"registry.terraform.io/hashicorp/google\"]",
      "instances": [
        {
          "schema_version": 1,
          "attributes": {
            "allow": [
              {
                "ports": [
                  "22"
                ],
                "protocol": "tcp"
              }
            ],
            "creation_timestamp": "2020-12-12T23:46:41.409-08:00",
            "deny": [],
            "description": "",
            "destination_ranges": [],
            "direction": "INGRESS",
            "disabled": false,
            "enable_logging": null,
            "id": "projects/focus-mechanic-295618/global/firewalls/flaskapp-dev-fw-allow-ssh",
            "log_config": [],
            "name": "flaskapp-dev-fw-allow-ssh",
            "network": "https://www.googleapis.com/compute/v1/projects/focus-mechanic-295618/global/networks/flaskapp-dev-vpc",
            "priority": 1000,
            "project": "focus-mechanic-295618",
            "self_link": "https://www.googleapis.com/compute/v1/projects/focus-mechanic-295618/global/firewalls/flaskapp-dev-fw-allow-ssh",
            "source_ranges": [
              "0.0.0.0/0"
            ],
            "source_service_accounts": null,
            "source_tags": null,
            "target_service_accounts": null,
            "target_tags": [
              "ssh"
            ],
            "timeouts": null
          },
          "private": "eyJlMmJmYjczMC1lY2FhLTExZTYtOGY4OC0zNDM2M2JjN2M0YzAiOnsiY3JlYXRlIjoyNDAwMDAwMDAwMDAsImRlbGV0ZSI6MjQwMDAwMDAwMDAwLCJ1cGRhdGUiOjI0MDAwMDAwMDAwMH0sInNjaGVtYV92ZXJzaW9uIjoiMSJ9",
          "dependencies": [
            "google_compute_network.vpc"
          ]
        }
      ]
    },
    {
      "mode": "managed",
      "type": "google_compute_global_address",
      "name": "private_ip_address",
      "provider": "provider[\"registry.terraform.io/hashicorp/google-beta\"]",
      "instances": [
        {
          "schema_version": 0,
          "attributes": {
            "address": "10.56.0.0",
            "address_type": "INTERNAL",
            "creation_timestamp": "2020-12-12T23:46:41.600-08:00",
            "description": "",
            "id": "projects/focus-mechanic-295618/global/addresses/flaskapp-dev-private-ip-address",
            "ip_version": "",
            "label_fingerprint": "42WmSpB8rSM=",
            "labels": null,
            "name": "flaskapp-dev-private-ip-address",
            "network": "https://www.googleapis.com/compute/v1/projects/focus-mechanic-295618/global/networks/flaskapp-dev-vpc",
            "prefix_length": 16,
            "project": "focus-mechanic-295618",
            "purpose": "VPC_PEERING",
            "self_link": "https://www.googleapis.com/compute/v1/projects/focus-mechanic-295618/global/addresses/flaskapp-dev-private-ip-address",
            "timeouts": null
          },
          "private": "eyJlMmJmYjczMC1lY2FhLTExZTYtOGY4OC0zNDM2M2JjN2M0YzAiOnsiY3JlYXRlIjoyNDAwMDAwMDAwMDAsImRlbGV0ZSI6MjQwMDAwMDAwMDAwLCJ1cGRhdGUiOjI0MDAwMDAwMDAwMH19",
          "dependencies": [
            "google_compute_network.vpc"
          ]
        }
      ]
    },
    {
      "mode": "managed",
      "type": "google_compute_global_forwarding_rule",
      "name": "global_forwarding_rule",
      "provider": "provider[\"registry.terraform.io/hashicorp/google\"]",
      "instances": [
        {
          "schema_version": 0,
          "attributes": {
            "description": "",
            "id": "projects/focus-mechanic-295618/global/forwardingRules/flaskapp-dev-global-forwarding-rule",
            "ip_address": "35.244.218.24",
            "ip_protocol": "TCP",
            "ip_version": "",
            "load_balancing_scheme": "EXTERNAL",
            "metadata_filters": [],
            "name": "flaskapp-dev-global-forwarding-rule",
            "port_range": "80-80",
            "project": "focus-mechanic-295618",
            "self_link": "https://www.googleapis.com/compute/v1/projects/focus-mechanic-295618/global/forwardingRules/flaskapp-dev-global-forwarding-rule",
            "target": "https://www.googleapis.com/compute/v1/projects/focus-mechanic-295618/global/targetHttpProxies/flaskapp-dev-proxy",
            "timeouts": null
          },
          "private": "eyJlMmJmYjczMC1lY2FhLTExZTYtOGY4OC0zNDM2M2JjN2M0YzAiOnsiY3JlYXRlIjoyNDAwMDAwMDAwMDAsImRlbGV0ZSI6MjQwMDAwMDAwMDAwLCJ1cGRhdGUiOjI0MDAwMDAwMDAwMH19",
          "dependencies": [
            "google_compute_backend_service.backend_service",
            "google_compute_health_check.healthcheck",
            "google_compute_instance.web_private_1",
            "google_compute_instance_group.web_private_group",
            "google_compute_network.vpc",
            "google_compute_subnetwork.private_subnet_1",
            "google_compute_target_http_proxy.target_http_proxy",
            "google_compute_url_map.url_map"
          ]
        }
      ]
    },
    {
      "mode": "managed",
      "type": "google_compute_health_check",
      "name": "healthcheck",
      "provider": "provider[\"registry.terraform.io/hashicorp/google\"]",
      "instances": [
        {
          "schema_version": 0,
          "attributes": {
            "check_interval_sec": 10,
            "creation_timestamp": "2020-12-12T23:46:28.993-08:00",
            "description": "",
            "grpc_health_check": [],
            "healthy_threshold": 2,
            "http2_health_check": [],
            "http_health_check": [
              {
                "host": "",
                "port": 80,
                "port_name": "",
                "port_specification": "",
                "proxy_header": "NONE",
                "request_path": "/",
                "response": ""
              }
            ],
            "https_health_check": [],
            "id": "projects/focus-mechanic-295618/global/healthChecks/flaskapp-dev-healthcheck",
            "name": "flaskapp-dev-healthcheck",
            "project": "focus-mechanic-295618",
            "self_link": "https://www.googleapis.com/compute/v1/projects/focus-mechanic-295618/global/healthChecks/flaskapp-dev-healthcheck",
            "ssl_health_check": [],
            "tcp_health_check": [],
            "timeout_sec": 10,
            "timeouts": null,
            "type": "HTTP",
            "unhealthy_threshold": 2
          },
          "private": "eyJlMmJmYjczMC1lY2FhLTExZTYtOGY4OC0zNDM2M2JjN2M0YzAiOnsiY3JlYXRlIjoyNDAwMDAwMDAwMDAsImRlbGV0ZSI6MjQwMDAwMDAwMDAwLCJ1cGRhdGUiOjI0MDAwMDAwMDAwMH19"
        }
      ]
    },
    {
      "mode": "managed",
      "type": "google_compute_instance",
      "name": "web_private_1",
      "provider": "provider[\"registry.terraform.io/hashicorp/google\"]",
      "instances": [
        {
          "index_key": 0,
          "schema_version": 6,
          "attributes": {
            "allow_stopping_for_update": null,
            "attached_disk": [],
            "boot_disk": [
              {
                "auto_delete": true,
                "device_name": "persistent-disk-0",
                "disk_encryption_key_raw": "",
                "disk_encryption_key_sha256": "",
                "initialize_params": [
                  {
                    "image": "https://www.googleapis.com/compute/v1/projects/ubuntu-os-cloud/global/images/ubuntu-1804-bionic-v20201211a",
                    "labels": {},
                    "size": 10,
                    "type": "pd-standard"
                  }
                ],
                "kms_key_self_link": "",
                "mode": "READ_WRITE",
                "source": "https://www.googleapis.com/compute/v1/projects/focus-mechanic-295618/zones/us-central1-b/disks/flaskapp-dev-vm-1"
              }
            ],
            "can_ip_forward": false,
            "cpu_platform": "Intel Haswell",
            "current_status": "RUNNING",
            "deletion_protection": false,
            "description": "",
            "desired_status": null,
            "enable_display": false,
            "guest_accelerator": [],
            "hostname": "flaskapp-dev-vm1.test",
            "id": "projects/focus-mechanic-295618/zones/us-central1-b/instances/flaskapp-dev-vm-1",
            "instance_id": "6478808119210702869",
            "label_fingerprint": "42WmSpB8rSM=",
            "labels": null,
            "machine_type": "f1-micro",
            "metadata": null,
            "metadata_fingerprint": "ViqQ-mWSzJ0=",
            "metadata_startup_script": "sudo apt-get update; sudo apt-get install -yq build-essential python-pip rsync; pip install flask; sudo apt install mysql-client; sudo apt-get install python-dev default-libmysqlclient-dev libssl-dev; pip install --user flask-mysqldb",
            "min_cpu_platform": "",
            "name": "flaskapp-dev-vm-1",
            "network_interface": [
              {
                "access_config": [],
                "alias_ip_range": [],
                "name": "nic0",
                "network": "https://www.googleapis.com/compute/v1/projects/focus-mechanic-295618/global/networks/flaskapp-dev-vpc",
                "network_ip": "10.128.0.2",
                "subnetwork": "https://www.googleapis.com/compute/v1/projects/focus-mechanic-295618/regions/us-central1/subnetworks/flaskapp-dev-private-subnet-1",
                "subnetwork_project": "focus-mechanic-295618"
              }
            ],
            "project": "focus-mechanic-295618",
            "resource_policies": null,
            "scheduling": [
              {
                "automatic_restart": true,
                "node_affinities": [],
                "on_host_maintenance": "MIGRATE",
                "preemptible": false
              }
            ],
            "scratch_disk": [],
            "self_link": "https://www.googleapis.com/compute/v1/projects/focus-mechanic-295618/zones/us-central1-b/instances/flaskapp-dev-vm-1",
            "service_account": [],
            "shielded_instance_config": [
              {
                "enable_integrity_monitoring": true,
                "enable_secure_boot": false,
                "enable_vtpm": true
              }
            ],
            "tags": [
              "http",
              "ssh"
            ],
            "tags_fingerprint": "7XLBdwIeS7E=",
            "timeouts": null,
            "zone": "us-central1-b"
          },
          "private": "eyJlMmJmYjczMC1lY2FhLTExZTYtOGY4OC0zNDM2M2JjN2M0YzAiOnsiY3JlYXRlIjoxMjAwMDAwMDAwMDAwLCJkZWxldGUiOjEyMDAwMDAwMDAwMDAsInVwZGF0ZSI6MTIwMDAwMDAwMDAwMH0sInNjaGVtYV92ZXJzaW9uIjoiNiJ9",
          "dependencies": [
            "google_compute_network.vpc",
            "google_compute_subnetwork.private_subnet_1"
          ]
        }
      ]
    },
    {
      "mode": "managed",
      "type": "google_compute_instance_group",
      "name": "web_private_group",
      "provider": "provider[\"registry.terraform.io/hashicorp/google\"]",
      "instances": [
        {
          "schema_version": 2,
          "attributes": {
            "description": "Web servers instance group",
            "id": "projects/focus-mechanic-295618/zones/us-central1-b/instanceGroups/flaskapp-dev-vm-group",
            "instances": [
              "https://www.googleapis.com/compute/v1/projects/focus-mechanic-295618/zones/us-central1-b/instances/flaskapp-dev-vm-1"
            ],
            "name": "flaskapp-dev-vm-group",
            "named_port": [
              {
                "name": "http",
                "port": 80
              }
            ],
            "network": "https://www.googleapis.com/compute/v1/projects/focus-mechanic-295618/global/networks/flaskapp-dev-vpc",
            "project": "focus-mechanic-295618",
            "self_link": "https://www.googleapis.com/compute/v1/projects/focus-mechanic-295618/zones/us-central1-b/instanceGroups/flaskapp-dev-vm-group",
            "size": 1,
            "timeouts": null,
            "zone": "us-central1-b"
          },
          "private": "eyJlMmJmYjczMC1lY2FhLTExZTYtOGY4OC0zNDM2M2JjN2M0YzAiOnsiY3JlYXRlIjozNjAwMDAwMDAwMDAsImRlbGV0ZSI6MzYwMDAwMDAwMDAwLCJ1cGRhdGUiOjM2MDAwMDAwMDAwMH0sInNjaGVtYV92ZXJzaW9uIjoiMiJ9",
          "dependencies": [
            "google_compute_instance.web_private_1",
            "google_compute_network.vpc",
            "google_compute_subnetwork.private_subnet_1"
          ]
        }
      ]
    },
    {
      "mode": "managed",
      "type": "google_compute_network",
      "name": "vpc",
      "provider": "provider[\"registry.terraform.io/hashicorp/google\"]",
      "instances": [
        {
          "schema_version": 0,
          "attributes": {
            "auto_create_subnetworks": false,
            "delete_default_routes_on_create": false,
            "description": "",
            "gateway_ipv4": "",
            "id": "projects/focus-mechanic-295618/global/networks/flaskapp-dev-vpc",
            "mtu": 0,
            "name": "flaskapp-dev-vpc",
            "project": "focus-mechanic-295618",
            "routing_mode": "GLOBAL",
            "self_link": "https://www.googleapis.com/compute/v1/projects/focus-mechanic-295618/global/networks/flaskapp-dev-vpc",
            "timeouts": null
          },
          "private": "eyJlMmJmYjczMC1lY2FhLTExZTYtOGY4OC0zNDM2M2JjN2M0YzAiOnsiY3JlYXRlIjoyNDAwMDAwMDAwMDAsImRlbGV0ZSI6MjQwMDAwMDAwMDAwLCJ1cGRhdGUiOjI0MDAwMDAwMDAwMH19"
        }
      ]
    },
    {
      "mode": "managed",
      "type": "google_compute_router",
      "name": "nat-router",
      "provider": "provider[\"registry.terraform.io/hashicorp/google\"]",
      "instances": [
        {
          "schema_version": 0,
          "attributes": {
            "bgp": [],
            "creation_timestamp": "2020-12-12T23:46:41.725-08:00",
            "description": "",
            "id": "projects/focus-mechanic-295618/regions/us-central1/routers/flaskapp-dev-nat-router",
            "name": "flaskapp-dev-nat-router",
            "network": "https://www.googleapis.com/compute/v1/projects/focus-mechanic-295618/global/networks/flaskapp-dev-vpc",
            "project": "focus-mechanic-295618",
            "region": "us-central1",
            "self_link": "https://www.googleapis.com/compute/v1/projects/focus-mechanic-295618/regions/us-central1/routers/flaskapp-dev-nat-router",
            "timeouts": null
          },
          "private": "eyJlMmJmYjczMC1lY2FhLTExZTYtOGY4OC0zNDM2M2JjN2M0YzAiOnsiY3JlYXRlIjoyNDAwMDAwMDAwMDAsImRlbGV0ZSI6MjQwMDAwMDAwMDAwLCJ1cGRhdGUiOjI0MDAwMDAwMDAwMH19",
          "dependencies": [
            "google_compute_network.vpc"
          ]
        }
      ]
    },
    {
      "mode": "managed",
      "type": "google_compute_router_nat",
      "name": "nat-gateway",
      "provider": "provider[\"registry.terraform.io/hashicorp/google\"]",
      "instances": [
        {
          "schema_version": 0,
          "attributes": {
            "drain_nat_ips": null,
            "icmp_idle_timeout_sec": 30,
            "id": "focus-mechanic-295618/us-central1/flaskapp-dev-nat-router/flaskapp-dev-nat-gateway",
            "log_config": [],
            "min_ports_per_vm": 0,
            "name": "flaskapp-dev-nat-gateway",
            "nat_ip_allocate_option": "MANUAL_ONLY",
            "nat_ips": [
              "https://www.googleapis.com/compute/v1/projects/focus-mechanic-295618/regions/us-central1/addresses/flaskapp-dev-nat-ip"
            ],
            "project": "focus-mechanic-295618",
            "region": null,
            "router": "flaskapp-dev-nat-router",
            "source_subnetwork_ip_ranges_to_nat": "ALL_SUBNETWORKS_ALL_IP_RANGES",
            "subnetwork": [],
            "tcp_established_idle_timeout_sec": 1200,
            "tcp_transitory_idle_timeout_sec": 30,
            "timeouts": null,
            "udp_idle_timeout_sec": 30
          },
          "private": "eyJlMmJmYjczMC1lY2FhLTExZTYtOGY4OC0zNDM2M2JjN2M0YzAiOnsiY3JlYXRlIjo2MDAwMDAwMDAwMDAsImRlbGV0ZSI6NjAwMDAwMDAwMDAwLCJ1cGRhdGUiOjYwMDAwMDAwMDAwMH19",
          "dependencies": [
            "google_compute_address.nat_ip",
            "google_compute_network.vpc",
            "google_compute_router.nat-router"
          ]
        }
      ]
    },
    {
      "mode": "managed",
      "type": "google_compute_subnetwork",
      "name": "private_subnet_1",
      "provider": "provider[\"registry.terraform.io/hashicorp/google-beta\"]",
      "instances": [
        {
          "schema_version": 0,
          "attributes": {
            "creation_timestamp": "2020-12-12T23:46:42.017-08:00",
            "description": "",
            "fingerprint": null,
            "gateway_address": "10.128.0.1",
            "id": "projects/focus-mechanic-295618/regions/us-central1/subnetworks/flaskapp-dev-private-subnet-1",
            "ip_cidr_range": "10.128.0.0/20",
            "log_config": [],
            "name": "flaskapp-dev-private-subnet-1",
            "network": "https://www.googleapis.com/compute/v1/projects/focus-mechanic-295618/global/networks/flaskapp-dev-vpc",
            "private_ip_google_access": false,
            "private_ipv6_google_access": "DISABLE_GOOGLE_ACCESS",
            "project": "focus-mechanic-295618",
            "purpose": "PRIVATE",
            "region": "us-central1",
            "role": "",
            "secondary_ip_range": [],
            "self_link": "https://www.googleapis.com/compute/v1/projects/focus-mechanic-295618/regions/us-central1/subnetworks/flaskapp-dev-private-subnet-1",
            "timeouts": null
          },
          "private": "eyJlMmJmYjczMC1lY2FhLTExZTYtOGY4OC0zNDM2M2JjN2M0YzAiOnsiY3JlYXRlIjozNjAwMDAwMDAwMDAsImRlbGV0ZSI6MzYwMDAwMDAwMDAwLCJ1cGRhdGUiOjM2MDAwMDAwMDAwMH19",
          "dependencies": [
            "google_compute_network.vpc"
          ]
        }
      ]
    },
    {
      "mode": "managed",
      "type": "google_compute_target_http_proxy",
      "name": "target_http_proxy",
      "provider": "provider[\"registry.terraform.io/hashicorp/google\"]",
      "instances": [
        {
          "schema_version": 0,
          "attributes": {
            "creation_timestamp": "2020-12-12T23:47:49.195-08:00",
            "description": "",
            "id": "projects/focus-mechanic-295618/global/targetHttpProxies/flaskapp-dev-proxy",
            "name": "flaskapp-dev-proxy",
            "project": "focus-mechanic-295618",
            "proxy_id": 5544072241730845130,
            "self_link": "https://www.googleapis.com/compute/v1/projects/focus-mechanic-295618/global/targetHttpProxies/flaskapp-dev-proxy",
            "timeouts": null,
            "url_map": "https://www.googleapis.com/compute/v1/projects/focus-mechanic-295618/global/urlMaps/flaskapp-dev-load-balancer"
          },
          "private": "eyJlMmJmYjczMC1lY2FhLTExZTYtOGY4OC0zNDM2M2JjN2M0YzAiOnsiY3JlYXRlIjoyNDAwMDAwMDAwMDAsImRlbGV0ZSI6MjQwMDAwMDAwMDAwLCJ1cGRhdGUiOjI0MDAwMDAwMDAwMH19",
          "dependencies": [
            "google_compute_backend_service.backend_service",
            "google_compute_health_check.healthcheck",
            "google_compute_instance.web_private_1",
            "google_compute_instance_group.web_private_group",
            "google_compute_network.vpc",
            "google_compute_subnetwork.private_subnet_1",
            "google_compute_url_map.url_map"
          ]
        }
      ]
    },
    {
      "mode": "managed",
      "type": "google_compute_url_map",
      "name": "url_map",
      "provider": "provider[\"registry.terraform.io/hashicorp/google\"]",
      "instances": [
        {
          "schema_version": 0,
          "attributes": {
            "creation_timestamp": "2020-12-12T23:47:47.476-08:00",
            "default_route_action": [],
            "default_service": "https://www.googleapis.com/compute/v1/projects/focus-mechanic-295618/global/backendServices/flaskapp-dev-backend-service",
            "default_url_redirect": [],
            "description": "",
            "fingerprint": "3pPu-yqaxOo=",
            "header_action": [],
            "host_rule": [],
            "id": "projects/focus-mechanic-295618/global/urlMaps/flaskapp-dev-load-balancer",
            "map_id": 7713006468235557324,
            "name": "flaskapp-dev-load-balancer",
            "path_matcher": [],
            "project": "focus-mechanic-295618",
            "self_link": "https://www.googleapis.com/compute/v1/projects/focus-mechanic-295618/global/urlMaps/flaskapp-dev-load-balancer",
            "test": [],
            "timeouts": null
          },
          "private": "eyJlMmJmYjczMC1lY2FhLTExZTYtOGY4OC0zNDM2M2JjN2M0YzAiOnsiY3JlYXRlIjoyNDAwMDAwMDAwMDAsImRlbGV0ZSI6MjQwMDAwMDAwMDAwLCJ1cGRhdGUiOjI0MDAwMDAwMDAwMH19",
          "dependencies": [
            "google_compute_backend_service.backend_service",
            "google_compute_health_check.healthcheck",
            "google_compute_instance.web_private_1",
            "google_compute_instance_group.web_private_group",
            "google_compute_network.vpc",
            "google_compute_subnetwork.private_subnet_1"
          ]
        }
      ]
    },
    {
      "mode": "managed",
      "type": "google_service_networking_connection",
      "name": "private_vpc_connection",
      "provider": "provider[\"registry.terraform.io/hashicorp/google-beta\"]",
      "instances": [
        {
          "schema_version": 0,
          "attributes": {
            "id": "projects%2Ffocus-mechanic-295618%2Fglobal%2Fnetworks%2Fflaskapp-dev-vpc:servicenetworking.googleapis.com",
            "network": "projects/focus-mechanic-295618/global/networks/flaskapp-dev-vpc",
            "peering": "servicenetworking-googleapis-com",
            "reserved_peering_ranges": [
              "flaskapp-dev-private-ip-address"
            ],
            "service": "servicenetworking.googleapis.com",
            "timeouts": null
          },
          "private": "eyJlMmJmYjczMC1lY2FhLTExZTYtOGY4OC0zNDM2M2JjN2M0YzAiOnsiY3JlYXRlIjo2MDAwMDAwMDAwMDAsImRlbGV0ZSI6NjAwMDAwMDAwMDAwLCJ1cGRhdGUiOjYwMDAwMDAwMDAwMH19",
          "dependencies": [
            "google_compute_global_address.private_ip_address",
            "google_compute_network.vpc"
          ]
        }
      ]
    },
    {
      "mode": "managed",
      "type": "google_sql_database",
      "name": "my_sql_db",
      "provider": "provider[\"registry.terraform.io/hashicorp/google\"]",
      "instances": [
        {
          "schema_version": 0,
          "attributes": {
            "charset": "utf8",
            "collation": "utf8_general_ci",
            "id": "projects/focus-mechanic-295618/instances/flaskapp-dev-db-1e36c050/databases/todo",
            "instance": "flaskapp-dev-db-1e36c050",
            "name": "todo",
            "project": "focus-mechanic-295618",
            "self_link": "https://sqladmin.googleapis.com/sql/v1beta4/projects/focus-mechanic-295618/instances/flaskapp-dev-db-1e36c050/databases/todo",
            "timeouts": null
          },
          "private": "eyJlMmJmYjczMC1lY2FhLTExZTYtOGY4OC0zNDM2M2JjN2M0YzAiOnsiY3JlYXRlIjo5MDAwMDAwMDAwMDAsImRlbGV0ZSI6NjAwMDAwMDAwMDAwLCJ1cGRhdGUiOjYwMDAwMDAwMDAwMH19",
          "dependencies": [
            "google_compute_global_address.private_ip_address",
            "google_compute_network.vpc",
            "google_service_networking_connection.private_vpc_connection",
            "google_sql_database_instance.my_sql",
            "random_id.instance_id"
          ]
        }
      ]
    },
    {
      "mode": "managed",
      "type": "google_sql_database_instance",
      "name": "my_sql",
      "provider": "provider[\"registry.terraform.io/hashicorp/google\"]",
      "instances": [
        {
          "schema_version": 0,
          "attributes": {
            "connection_name": "focus-mechanic-295618:us-central1:flaskapp-dev-db-1e36c050",
            "database_version": "MYSQL_5_7",
            "deletion_protection": true,
            "first_ip_address": "10.56.1.3",
            "id": "flaskapp-dev-db-1e36c050",
            "ip_address": [
              {
                "ip_address": "10.56.1.3",
                "time_to_retire": "",
                "type": "PRIVATE"
              }
            ],
            "master_instance_name": "",
            "name": "flaskapp-dev-db-1e36c050",
            "private_ip_address": "10.56.1.3",
            "project": "focus-mechanic-295618",
            "public_ip_address": "",
            "region": "us-central1",
            "replica_configuration": [],
            "root_password": null,
            "self_link": "https://sqladmin.googleapis.com/sql/v1beta4/projects/focus-mechanic-295618/instances/flaskapp-dev-db-1e36c050",
            "server_ca_cert": [
              {
                "cert": "-----BEGIN CERTIFICATE-----\nMIIDfzCCAmegAwIBAgIBADANBgkqhkiG9w0BAQsFADB3MS0wKwYDVQQuEyRiMmZm\nYjNjZS01YTcyLTRhOWEtYjcyMS01ZTEwYzg3NjIwMjExIzAhBgNVBAMTGkdvb2ds\nZSBDbG91ZCBTUUwgU2VydmVyIENBMRQwEgYDVQQKEwtHb29nbGUsIEluYzELMAkG\nA1UEBhMCVVMwHhcNMjAxMjEzMDc0OTQ1WhcNMzAxMjExMDc1MDQ1WjB3MS0wKwYD\nVQQuEyRiMmZmYjNjZS01YTcyLTRhOWEtYjcyMS01ZTEwYzg3NjIwMjExIzAhBgNV\nBAMTGkdvb2dsZSBDbG91ZCBTUUwgU2VydmVyIENBMRQwEgYDVQQKEwtHb29nbGUs\nIEluYzELMAkGA1UEBhMCVVMwggEiMA0GCSqGSIb3DQEBAQUAA4IBDwAwggEKAoIB\nAQCH6F3S2AFDGjr4fshfx5Yap63UZbSS+NUK+jxsziRyZO5FaXaWDdQ6C/x9PM9Q\n1tYb2Rk2y5VVfgmYvXI3N2wt4ldIu5iRe4CTKGVvL8Rk7L3uCfY/YJiM+CUeUWvP\nDGGP+bZR2+sVgnBLqV90w6WJBH2TI9d1mmHxxLiaDugrUrOngmMzom2+cA9PhQnu\naGtQu44oJ2vNE387tB5XNQvsaF0dttoT5wstjj/R0Vn388NAHBFMb1f3SfMjjYBh\nDbEh2iDJpbpnrbTx+OQ+biOWzmzt9xgWLyIzu8a9qyR9ocBxOlkIBTq+S8W2NQ2q\ne5zVW04o5i9AhBNmlNXt59D5AgMBAAGjFjAUMBIGA1UdEwEB/wQIMAYBAf8CAQAw\nDQYJKoZIhvcNAQELBQADggEBAASnS2zgjEZdbgpW6ZixThgOx/H+tDTP2kDqqiRC\nr1B8j6rvjEguTAIO7Bxo2sj1UsD8i1LRkSSrajEnjE/3p4xkan9nHrYUHywGv2vy\nVPrxoKpP4Wjf52G/vGSBbuSxQth3NOBJ9+wTSs5TUFIkQwfzc/yZ5+m/zsLHhyth\nzmf7ASUrwBJ5xBQxzIGl5aJKRsCB/lM5ORlkSyf9FjzbHiYVRv5A0yYutP/lAg6B\nEyNg9xVAXmtZg3MKqMh7HlyJA/cBQp8nDdrs8IoOj67L8mmTyKUhkpKK6EIHwkUO\n56YAOV/KAfHtK26vwFEKo4c6C6SpdezaT24kzqKZQ6jBtVA=\n-----END CERTIFICATE-----",
                "common_name": "C=US,O=Google\\, Inc,CN=Google Cloud SQL Server CA,dnQualifier=b2ffb3ce-5a72-4a9a-b721-5e10c8762021",
                "create_time": "2020-12-13T07:49:45.071Z",
                "expiration_time": "2030-12-11T07:50:45.071Z",
                "sha1_fingerprint": "204b2c39471b6c658daa4d420be9a0ec0e60363a"
              }
            ],
            "service_account_email_address": "p908046633673-dpym8e@gcp-sa-cloud-sql.iam.gserviceaccount.com",
            "settings": [
              {
                "activation_policy": "ALWAYS",
                "authorized_gae_applications": null,
                "availability_type": "",
                "backup_configuration": [
                  {
                    "binary_log_enabled": true,
                    "enabled": true,
                    "location": "",
                    "point_in_time_recovery_enabled": false,
                    "start_time": "00:00"
                  }
                ],
                "crash_safe_replication": false,
                "database_flags": [
                  {
                    "name": "log_bin_trust_function_creators",
                    "value": "on"
                  }
                ],
                "disk_autoresize": true,
                "disk_size": 10,
                "disk_type": "PD_SSD",
                "ip_configuration": [
                  {
                    "authorized_networks": [],
                    "ipv4_enabled": false,
                    "private_network": "projects/focus-mechanic-295618/global/networks/flaskapp-dev-vpc",
                    "require_ssl": false
                  }
                ],
                "location_preference": [
                  {
                    "follow_gae_application": "",
                    "zone": "us-central1-b"
                  }
                ],
                "maintenance_window": [
                  {
                    "day": 7,
                    "hour": 3,
                    "update_track": ""
                  }
                ],
                "pricing_plan": "PER_USE",
                "replication_type": "SYNCHRONOUS",
                "tier": "db-f1-micro",
                "user_labels": null,
                "version": 1
              }
            ],
            "timeouts": null
          },
          "private": "eyJlMmJmYjczMC1lY2FhLTExZTYtOGY4OC0zNDM2M2JjN2M0YzAiOnsiY3JlYXRlIjoxMjAwMDAwMDAwMDAwLCJkZWxldGUiOjEyMDAwMDAwMDAwMDAsInVwZGF0ZSI6MTIwMDAwMDAwMDAwMH19",
          "dependencies": [
            "google_compute_global_address.private_ip_address",
            "google_compute_network.vpc",
            "google_service_networking_connection.private_vpc_connection",
            "random_id.instance_id"
          ]
        }
      ]
    },
    {
      "mode": "managed",
      "type": "google_sql_user",
      "name": "my-sql",
      "provider": "provider[\"registry.terraform.io/hashicorp/google\"]",
      "instances": [
        {
          "schema_version": 1,
          "attributes": {
            "deletion_policy": null,
            "host": "%",
            "id": "dbadmin/%/flaskapp-dev-db-1e36c050",
            "instance": "flaskapp-dev-db-1e36c050",
            "name": "dbadmin",
            "password": "",
            "project": "focus-mechanic-295618",
            "timeouts": null
          },
          "private": "eyJlMmJmYjczMC1lY2FhLTExZTYtOGY4OC0zNDM2M2JjN2M0YzAiOnsiY3JlYXRlIjo2MDAwMDAwMDAwMDAsImRlbGV0ZSI6NjAwMDAwMDAwMDAwLCJ1cGRhdGUiOjYwMDAwMDAwMDAwMH0sInNjaGVtYV92ZXJzaW9uIjoiMSJ9",
          "dependencies": [
            "google_compute_global_address.private_ip_address",
            "google_compute_network.vpc",
            "google_service_networking_connection.private_vpc_connection",
            "google_sql_database_instance.my_sql",
            "random_id.instance_id"
          ]
        }
      ]
    },
    {
      "mode": "managed",
      "type": "random_id",
      "name": "instance_id",
      "provider": "provider[\"registry.terraform.io/hashicorp/random\"]",
      "instances": [
        {
          "schema_version": 0,
          "attributes": {
            "b64_std": "HjbAUA==",
            "b64_url": "HjbAUA",
            "byte_length": 4,
            "dec": "506904656",
            "hex": "1e36c050",
            "id": "HjbAUA",
            "keepers": null,
            "prefix": null
          },
          "private": "bnVsbA=="
        }
      ]
    },
    {
      "mode": "managed",
      "type": "random_id",
      "name": "user_password",
      "provider": "provider[\"registry.terraform.io/hashicorp/random\"]",
      "instances": [
        {
          "schema_version": 0,
          "attributes": {
            "b64_std": "CUdxnS6lObg=",
            "b64_url": "CUdxnS6lObg",
            "byte_length": 8,
            "dec": "668627989594192312",
            "hex": "0947719d2ea539b8",
            "id": "CUdxnS6lObg",
            "keepers": null,
            "prefix": null
          },
          "private": "bnVsbA=="
        }
      ]
    }
  ]
}
